// !$*UTF8*$!
{
	archiveVersion = 1;
	classes = {
	};
	objectVersion = 77;
	objects = {

/* Begin PBXBuildFile section */
		2810E2452CFB169E006FF94A /* Morphed in Frameworks */ = {isa = PBXBuildFile; productRef = 2810E2442CFB169E006FF94A /* Morphed */; };
		2845A9F72D08745900CD7517 /* SmartCache in Frameworks */ = {isa = PBXBuildFile; productRef = 2845A9F62D08745900CD7517 /* SmartCache */; };
		28797B9A2D10724C00FB4395 /* SwiftUIIntrospect in Frameworks */ = {isa = PBXBuildFile; productRef = 28797B992D10724C00FB4395 /* SwiftUIIntrospect */; };
		287F978D2CF3160700C60307 /* Luminare in Frameworks */ = {isa = PBXBuildFile; productRef = 287F978C2CF3160700C60307 /* Luminare */; };
		65DFF89D2CFC2A6F00285040 /* SwiftSoup in Frameworks */ = {isa = PBXBuildFile; productRef = 65DFF89C2CFC2A6F00285040 /* SwiftSoup */; };
		65EE5C962D1CEBBD0026B8F1 /* MeshGradient in Frameworks */ = {isa = PBXBuildFile; productRef = 65EE5C952D1CEBBD0026B8F1 /* MeshGradient */; };
		65EE5C982D1CEBBD0026B8F1 /* MeshGradientCHeaders in Frameworks */ = {isa = PBXBuildFile; productRef = 65EE5C972D1CEBBD0026B8F1 /* MeshGradientCHeaders */; };
		65EE5C9B2D1CEBD30026B8F1 /* DominantColors in Frameworks */ = {isa = PBXBuildFile; productRef = 65EE5C9A2D1CEBD30026B8F1 /* DominantColors */; };
		65F1DA7D2CED77F100389E37 /* SFBAudioEngine in Frameworks */ = {isa = PBXBuildFile; productRef = 65F1DA7C2CED77F100389E37 /* SFBAudioEngine */; };
		65F1DA842CED788D00389E37 /* CAAudioHardware in Frameworks */ = {isa = PBXBuildFile; productRef = 65F1DA832CED788D00389E37 /* CAAudioHardware */; };
		65F1DA8D2CED83F800389E37 /* FullDiskAccess in Frameworks */ = {isa = PBXBuildFile; productRef = 65F1DA8C2CED83F800389E37 /* FullDiskAccess */; };
		65F1DA9D2CEDBD8700389E37 /* Defaults in Frameworks */ = {isa = PBXBuildFile; productRef = 65F1DA9C2CEDBD8700389E37 /* Defaults */; };
		65F1DAB32CEDBED700389E37 /* SFSafeSymbols in Frameworks */ = {isa = PBXBuildFile; productRef = 65F1DAB22CEDBED700389E37 /* SFSafeSymbols */; };
/* End PBXBuildFile section */

/* Begin PBXFileReference section */
		65F1DA012CECCEE900389E37 /* MelodicStamp.app */ = {isa = PBXFileReference; explicitFileType = wrapper.application; includeInIndex = 0; path = MelodicStamp.app; sourceTree = BUILT_PRODUCTS_DIR; };
/* End PBXFileReference section */

/* Begin PBXFileSystemSynchronizedRootGroup section */
		28BFA4D12CEE173A00448374 /* Melodic Stamp */ = {
			isa = PBXFileSystemSynchronizedRootGroup;
			path = "Melodic Stamp";
			sourceTree = "<group>";
		};
/* End PBXFileSystemSynchronizedRootGroup section */

/* Begin PBXFrameworksBuildPhase section */
		65F1D9FE2CECCEE900389E37 /* Frameworks */ = {
			isa = PBXFrameworksBuildPhase;
			buildActionMask = 2147483647;
			files = (
				2810E2452CFB169E006FF94A /* Morphed in Frameworks */,
				65F1DAB32CEDBED700389E37 /* SFSafeSymbols in Frameworks */,
				2845A9F72D08745900CD7517 /* SmartCache in Frameworks */,
				28797B9A2D10724C00FB4395 /* SwiftUIIntrospect in Frameworks */,
				287F978D2CF3160700C60307 /* Luminare in Frameworks */,
				65F1DA9D2CEDBD8700389E37 /* Defaults in Frameworks */,
				65F1DA8D2CED83F800389E37 /* FullDiskAccess in Frameworks */,
				65DFF89D2CFC2A6F00285040 /* SwiftSoup in Frameworks */,
				65EE5C9B2D1CEBD30026B8F1 /* DominantColors in Frameworks */,
				65F1DA7D2CED77F100389E37 /* SFBAudioEngine in Frameworks */,
				65F1DA842CED788D00389E37 /* CAAudioHardware in Frameworks */,
				65EE5C982D1CEBBD0026B8F1 /* MeshGradientCHeaders in Frameworks */,
				65EE5C962D1CEBBD0026B8F1 /* MeshGradient in Frameworks */,
			);
			runOnlyForDeploymentPostprocessing = 0;
		};
/* End PBXFrameworksBuildPhase section */

/* Begin PBXGroup section */
		65F1D9F82CECCEE900389E37 = {
			isa = PBXGroup;
			children = (
				28BFA4D12CEE173A00448374 /* Melodic Stamp */,
				65F1DA022CECCEE900389E37 /* Products */,
			);
			sourceTree = "<group>";
		};
		65F1DA022CECCEE900389E37 /* Products */ = {
			isa = PBXGroup;
			children = (
				65F1DA012CECCEE900389E37 /* MelodicStamp.app */,
			);
			name = Products;
			sourceTree = "<group>";
		};
/* End PBXGroup section */

/* Begin PBXNativeTarget section */
		65F1DA002CECCEE900389E37 /* MelodicStamp */ = {
			isa = PBXNativeTarget;
			buildConfigurationList = 65F1DA102CECCEEB00389E37 /* Build configuration list for PBXNativeTarget "MelodicStamp" */;
			buildPhases = (
				65F1D9FD2CECCEE900389E37 /* Sources */,
				65F1D9FE2CECCEE900389E37 /* Frameworks */,
				65F1D9FF2CECCEE900389E37 /* Resources */,
			);
			buildRules = (
			);
			dependencies = (
			);
			fileSystemSynchronizedGroups = (
				28BFA4D12CEE173A00448374 /* Melodic Stamp */,
			);
			name = MelodicStamp;
			packageProductDependencies = (
				65F1DA7C2CED77F100389E37 /* SFBAudioEngine */,
				65F1DA832CED788D00389E37 /* CAAudioHardware */,
				65F1DA8C2CED83F800389E37 /* FullDiskAccess */,
				65F1DA9C2CEDBD8700389E37 /* Defaults */,
				65F1DAB22CEDBED700389E37 /* SFSafeSymbols */,
				287F978C2CF3160700C60307 /* Luminare */,
				2810E2442CFB169E006FF94A /* Morphed */,
				65DFF89C2CFC2A6F00285040 /* SwiftSoup */,
				2845A9F62D08745900CD7517 /* SmartCache */,
				28797B992D10724C00FB4395 /* SwiftUIIntrospect */,
				65EE5C952D1CEBBD0026B8F1 /* MeshGradient */,
				65EE5C972D1CEBBD0026B8F1 /* MeshGradientCHeaders */,
				65EE5C9A2D1CEBD30026B8F1 /* DominantColors */,
			);
			productName = MelodicStamp;
			productReference = 65F1DA012CECCEE900389E37 /* MelodicStamp.app */;
			productType = "com.apple.product-type.application";
		};
/* End PBXNativeTarget section */

/* Begin PBXProject section */
		65F1D9F92CECCEE900389E37 /* Project object */ = {
			isa = PBXProject;
			attributes = {
				BuildIndependentTargetsInParallel = 1;
				LastSwiftUpdateCheck = 1620;
				LastUpgradeCheck = 1620;
				TargetAttributes = {
					65F1DA002CECCEE900389E37 = {
						CreatedOnToolsVersion = 16.2;
					};
				};
			};
			buildConfigurationList = 65F1D9FC2CECCEE900389E37 /* Build configuration list for PBXProject "Melodic Stamp" */;
			developmentRegion = en;
			hasScannedForEncodings = 0;
			knownRegions = (
				en,
				Base,
				"zh-Hans",
			);
			mainGroup = 65F1D9F82CECCEE900389E37;
			minimizedProjectReferenceProxies = 1;
			packageReferences = (
				65F1DA7B2CED77F100389E37 /* XCRemoteSwiftPackageReference "SFBAudioEngine" */,
				65F1DA822CED788D00389E37 /* XCRemoteSwiftPackageReference "CAAudioHardware" */,
				65F1DA8B2CED83F800389E37 /* XCRemoteSwiftPackageReference "FullDiskAccess" */,
				65F1DA9B2CEDBD8700389E37 /* XCRemoteSwiftPackageReference "Defaults" */,
				65F1DAB12CEDBED700389E37 /* XCRemoteSwiftPackageReference "SFSafeSymbols" */,
				287F978B2CF3160600C60307 /* XCRemoteSwiftPackageReference "Luminare" */,
				2810E2432CFB169E006FF94A /* XCRemoteSwiftPackageReference "Morphed" */,
				65DFF89B2CFC2A6F00285040 /* XCRemoteSwiftPackageReference "SwiftSoup" */,
				2845A9F52D08745900CD7517 /* XCRemoteSwiftPackageReference "smart-cache" */,
				28797B982D10724C00FB4395 /* XCRemoteSwiftPackageReference "swiftui-introspect" */,
				65EE5C942D1CEBBD0026B8F1 /* XCRemoteSwiftPackageReference "MeshGradient" */,
				65EE5C992D1CEBD30026B8F1 /* XCRemoteSwiftPackageReference "DominantColors" */,
			);
			preferredProjectObjectVersion = 77;
			productRefGroup = 65F1DA022CECCEE900389E37 /* Products */;
			projectDirPath = "";
			projectRoot = "";
			targets = (
				65F1DA002CECCEE900389E37 /* MelodicStamp */,
			);
		};
/* End PBXProject section */

/* Begin PBXResourcesBuildPhase section */
		65F1D9FF2CECCEE900389E37 /* Resources */ = {
			isa = PBXResourcesBuildPhase;
			buildActionMask = 2147483647;
			files = (
			);
			runOnlyForDeploymentPostprocessing = 0;
		};
/* End PBXResourcesBuildPhase section */

/* Begin PBXSourcesBuildPhase section */
		65F1D9FD2CECCEE900389E37 /* Sources */ = {
			isa = PBXSourcesBuildPhase;
			buildActionMask = 2147483647;
			files = (
			);
			runOnlyForDeploymentPostprocessing = 0;
		};
/* End PBXSourcesBuildPhase section */

/* Begin XCBuildConfiguration section */
		65F1DA0E2CECCEEB00389E37 /* Debug */ = {
			isa = XCBuildConfiguration;
			buildSettings = {
				ALWAYS_SEARCH_USER_PATHS = NO;
				ASSETCATALOG_COMPILER_GENERATE_SWIFT_ASSET_SYMBOL_EXTENSIONS = YES;
				CLANG_ANALYZER_LOCALIZABILITY_NONLOCALIZED = YES;
				CLANG_ANALYZER_NONNULL = YES;
				CLANG_ANALYZER_NUMBER_OBJECT_CONVERSION = YES_AGGRESSIVE;
				CLANG_CXX_LANGUAGE_STANDARD = "gnu++20";
				CLANG_ENABLE_MODULES = YES;
				CLANG_ENABLE_OBJC_ARC = YES;
				CLANG_ENABLE_OBJC_WEAK = YES;
				CLANG_WARN_BLOCK_CAPTURE_AUTORELEASING = YES;
				CLANG_WARN_BOOL_CONVERSION = YES;
				CLANG_WARN_COMMA = YES;
				CLANG_WARN_CONSTANT_CONVERSION = YES;
				CLANG_WARN_DEPRECATED_OBJC_IMPLEMENTATIONS = YES;
				CLANG_WARN_DIRECT_OBJC_ISA_USAGE = YES_ERROR;
				CLANG_WARN_DOCUMENTATION_COMMENTS = YES;
				CLANG_WARN_EMPTY_BODY = YES;
				CLANG_WARN_ENUM_CONVERSION = YES;
				CLANG_WARN_INFINITE_RECURSION = YES;
				CLANG_WARN_INT_CONVERSION = YES;
				CLANG_WARN_NON_LITERAL_NULL_CONVERSION = YES;
				CLANG_WARN_OBJC_IMPLICIT_RETAIN_SELF = YES;
				CLANG_WARN_OBJC_LITERAL_CONVERSION = YES;
				CLANG_WARN_OBJC_ROOT_CLASS = YES_ERROR;
				CLANG_WARN_QUOTED_INCLUDE_IN_FRAMEWORK_HEADER = YES;
				CLANG_WARN_RANGE_LOOP_ANALYSIS = YES;
				CLANG_WARN_STRICT_PROTOTYPES = YES;
				CLANG_WARN_SUSPICIOUS_MOVE = YES;
				CLANG_WARN_UNGUARDED_AVAILABILITY = YES_AGGRESSIVE;
				CLANG_WARN_UNREACHABLE_CODE = YES;
				CLANG_WARN__DUPLICATE_METHOD_MATCH = YES;
				COPY_PHASE_STRIP = NO;
				DEAD_CODE_STRIPPING = YES;
				DEBUG_INFORMATION_FORMAT = dwarf;
				ENABLE_STRICT_OBJC_MSGSEND = YES;
				ENABLE_TESTABILITY = YES;
				ENABLE_USER_SCRIPT_SANDBOXING = YES;
				GCC_C_LANGUAGE_STANDARD = gnu17;
				GCC_DYNAMIC_NO_PIC = NO;
				GCC_NO_COMMON_BLOCKS = YES;
				GCC_OPTIMIZATION_LEVEL = 0;
				GCC_PREPROCESSOR_DEFINITIONS = (
					"DEBUG=1",
					"$(inherited)",
				);
				GCC_WARN_64_TO_32_BIT_CONVERSION = YES;
				GCC_WARN_ABOUT_RETURN_TYPE = YES_ERROR;
				GCC_WARN_UNDECLARED_SELECTOR = YES;
				GCC_WARN_UNINITIALIZED_AUTOS = YES_AGGRESSIVE;
				GCC_WARN_UNUSED_FUNCTION = YES;
				GCC_WARN_UNUSED_VARIABLE = YES;
				LOCALIZATION_PREFERS_STRING_CATALOGS = YES;
				MACOSX_DEPLOYMENT_TARGET = 15.0;
				MTL_ENABLE_DEBUG_INFO = INCLUDE_SOURCE;
				MTL_FAST_MATH = YES;
				ONLY_ACTIVE_ARCH = YES;
				SDKROOT = macosx;
				SWIFT_ACTIVE_COMPILATION_CONDITIONS = "DEBUG $(inherited)";
				SWIFT_EMIT_LOC_STRINGS = YES;
				SWIFT_OPTIMIZATION_LEVEL = "-Onone";
			};
			name = Debug;
		};
		65F1DA0F2CECCEEB00389E37 /* Release */ = {
			isa = XCBuildConfiguration;
			buildSettings = {
				ALWAYS_SEARCH_USER_PATHS = NO;
				ASSETCATALOG_COMPILER_GENERATE_SWIFT_ASSET_SYMBOL_EXTENSIONS = YES;
				CLANG_ANALYZER_LOCALIZABILITY_NONLOCALIZED = YES;
				CLANG_ANALYZER_NONNULL = YES;
				CLANG_ANALYZER_NUMBER_OBJECT_CONVERSION = YES_AGGRESSIVE;
				CLANG_CXX_LANGUAGE_STANDARD = "gnu++20";
				CLANG_ENABLE_MODULES = YES;
				CLANG_ENABLE_OBJC_ARC = YES;
				CLANG_ENABLE_OBJC_WEAK = YES;
				CLANG_WARN_BLOCK_CAPTURE_AUTORELEASING = YES;
				CLANG_WARN_BOOL_CONVERSION = YES;
				CLANG_WARN_COMMA = YES;
				CLANG_WARN_CONSTANT_CONVERSION = YES;
				CLANG_WARN_DEPRECATED_OBJC_IMPLEMENTATIONS = YES;
				CLANG_WARN_DIRECT_OBJC_ISA_USAGE = YES_ERROR;
				CLANG_WARN_DOCUMENTATION_COMMENTS = YES;
				CLANG_WARN_EMPTY_BODY = YES;
				CLANG_WARN_ENUM_CONVERSION = YES;
				CLANG_WARN_INFINITE_RECURSION = YES;
				CLANG_WARN_INT_CONVERSION = YES;
				CLANG_WARN_NON_LITERAL_NULL_CONVERSION = YES;
				CLANG_WARN_OBJC_IMPLICIT_RETAIN_SELF = YES;
				CLANG_WARN_OBJC_LITERAL_CONVERSION = YES;
				CLANG_WARN_OBJC_ROOT_CLASS = YES_ERROR;
				CLANG_WARN_QUOTED_INCLUDE_IN_FRAMEWORK_HEADER = YES;
				CLANG_WARN_RANGE_LOOP_ANALYSIS = YES;
				CLANG_WARN_STRICT_PROTOTYPES = YES;
				CLANG_WARN_SUSPICIOUS_MOVE = YES;
				CLANG_WARN_UNGUARDED_AVAILABILITY = YES_AGGRESSIVE;
				CLANG_WARN_UNREACHABLE_CODE = YES;
				CLANG_WARN__DUPLICATE_METHOD_MATCH = YES;
				COPY_PHASE_STRIP = NO;
				DEAD_CODE_STRIPPING = YES;
				DEBUG_INFORMATION_FORMAT = "dwarf-with-dsym";
				ENABLE_NS_ASSERTIONS = NO;
				ENABLE_STRICT_OBJC_MSGSEND = YES;
				ENABLE_USER_SCRIPT_SANDBOXING = YES;
				GCC_C_LANGUAGE_STANDARD = gnu17;
				GCC_NO_COMMON_BLOCKS = YES;
				GCC_WARN_64_TO_32_BIT_CONVERSION = YES;
				GCC_WARN_ABOUT_RETURN_TYPE = YES_ERROR;
				GCC_WARN_UNDECLARED_SELECTOR = YES;
				GCC_WARN_UNINITIALIZED_AUTOS = YES_AGGRESSIVE;
				GCC_WARN_UNUSED_FUNCTION = YES;
				GCC_WARN_UNUSED_VARIABLE = YES;
				LOCALIZATION_PREFERS_STRING_CATALOGS = YES;
				MACOSX_DEPLOYMENT_TARGET = 15.0;
				MTL_ENABLE_DEBUG_INFO = NO;
				MTL_FAST_MATH = YES;
				SDKROOT = macosx;
				SWIFT_COMPILATION_MODE = wholemodule;
				SWIFT_EMIT_LOC_STRINGS = YES;
			};
			name = Release;
		};
		65F1DA112CECCEEB00389E37 /* Debug */ = {
			isa = XCBuildConfiguration;
			buildSettings = {
				ASSETCATALOG_COMPILER_APPICON_NAME = AppIcon;
				ASSETCATALOG_COMPILER_GLOBAL_ACCENT_COLOR_NAME = AccentColor;
				CODE_SIGN_ENTITLEMENTS = "Melodic Stamp/Melodic Stamp.entitlements";
				"CODE_SIGN_IDENTITY[sdk=macosx*]" = "-";
				CODE_SIGN_STYLE = Automatic;
				COMBINE_HIDPI_IMAGES = YES;
				CURRENT_PROJECT_VERSION = 20241227;
				DEAD_CODE_STRIPPING = YES;
				DEVELOPMENT_ASSET_PATHS = "\"Melodic Stamp/Preview Content\"";
				DEVELOPMENT_TEAM = "";
				ENABLE_PREVIEWS = YES;
				GENERATE_INFOPLIST_FILE = YES;
				INFOPLIST_FILE = "Melodic-Stamp-Info.plist";
				INFOPLIST_KEY_CFBundleDisplayName = "Melodic Stamp";
				INFOPLIST_KEY_LSApplicationCategoryType = "public.app-category.music";
				INFOPLIST_KEY_NSHumanReadableCopyright = "";
				LD_RUNPATH_SEARCH_PATHS = (
					"$(inherited)",
					"@executable_path/../Frameworks",
				);
				MARKETING_VERSION = 0.0.1;
				PRODUCT_BUNDLE_IDENTIFIER = labs.cement.MelodicStamp;
				PRODUCT_NAME = "$(TARGET_NAME)";
				SWIFT_EMIT_LOC_STRINGS = YES;
				SWIFT_VERSION = 5.0;
			};
			name = Debug;
		};
		65F1DA122CECCEEB00389E37 /* Release */ = {
			isa = XCBuildConfiguration;
			buildSettings = {
				ASSETCATALOG_COMPILER_APPICON_NAME = AppIcon;
				ASSETCATALOG_COMPILER_GLOBAL_ACCENT_COLOR_NAME = AccentColor;
				CODE_SIGN_ENTITLEMENTS = "Melodic Stamp/Melodic Stamp.entitlements";
				CODE_SIGN_STYLE = Automatic;
				COMBINE_HIDPI_IMAGES = YES;
				CURRENT_PROJECT_VERSION = 20241227;
				DEAD_CODE_STRIPPING = YES;
				DEVELOPMENT_ASSET_PATHS = "\"Melodic Stamp/Preview Content\"";
				DEVELOPMENT_TEAM = "";
				ENABLE_PREVIEWS = YES;
				GENERATE_INFOPLIST_FILE = YES;
				INFOPLIST_FILE = "Melodic-Stamp-Info.plist";
				INFOPLIST_KEY_CFBundleDisplayName = "Melodic Stamp";
				INFOPLIST_KEY_LSApplicationCategoryType = "public.app-category.music";
				INFOPLIST_KEY_NSHumanReadableCopyright = "";
				LD_RUNPATH_SEARCH_PATHS = (
					"$(inherited)",
					"@executable_path/../Frameworks",
				);
				MARKETING_VERSION = 0.0.1;
				PRODUCT_BUNDLE_IDENTIFIER = labs.cement.MelodicStamp;
				PRODUCT_NAME = "$(TARGET_NAME)";
				SWIFT_EMIT_LOC_STRINGS = YES;
				SWIFT_VERSION = 5.0;
			};
			name = Release;
		};
/* End XCBuildConfiguration section */

/* Begin XCConfigurationList section */
		65F1D9FC2CECCEE900389E37 /* Build configuration list for PBXProject "Melodic Stamp" */ = {
			isa = XCConfigurationList;
			buildConfigurations = (
				65F1DA0E2CECCEEB00389E37 /* Debug */,
				65F1DA0F2CECCEEB00389E37 /* Release */,
			);
			defaultConfigurationIsVisible = 0;
			defaultConfigurationName = Release;
		};
		65F1DA102CECCEEB00389E37 /* Build configuration list for PBXNativeTarget "MelodicStamp" */ = {
			isa = XCConfigurationList;
			buildConfigurations = (
				65F1DA112CECCEEB00389E37 /* Debug */,
				65F1DA122CECCEEB00389E37 /* Release */,
			);
			defaultConfigurationIsVisible = 0;
			defaultConfigurationName = Release;
		};
/* End XCConfigurationList section */

/* Begin XCRemoteSwiftPackageReference section */
		2810E2432CFB169E006FF94A /* XCRemoteSwiftPackageReference "Morphed" */ = {
			isa = XCRemoteSwiftPackageReference;
			repositoryURL = "https://github.com/Cement-Labs/Morphed";
			requirement = {
				branch = main;
				kind = branch;
			};
		};
		2845A9F52D08745900CD7517 /* XCRemoteSwiftPackageReference "smart-cache" */ = {
			isa = XCRemoteSwiftPackageReference;
			repositoryURL = "https://github.com/nightwill/smart-cache";
			requirement = {
				kind = upToNextMajorVersion;
				minimumVersion = 1.0.0;
			};
		};
		28797B982D10724C00FB4395 /* XCRemoteSwiftPackageReference "swiftui-introspect" */ = {
			isa = XCRemoteSwiftPackageReference;
			repositoryURL = "https://github.com/siteline/swiftui-introspect";
			requirement = {
				kind = upToNextMajorVersion;
				minimumVersion = 1.3.0;
			};
		};
		287F978B2CF3160600C60307 /* XCRemoteSwiftPackageReference "Luminare" */ = {
			isa = XCRemoteSwiftPackageReference;
			repositoryURL = "https://github.com/Cement-Labs/Luminare";
			requirement = {
				branch = main;
				kind = branch;
			};
		};
		65DFF89B2CFC2A6F00285040 /* XCRemoteSwiftPackageReference "SwiftSoup" */ = {
			isa = XCRemoteSwiftPackageReference;
			repositoryURL = "https://github.com/scinfu/SwiftSoup";
			requirement = {
				kind = upToNextMajorVersion;
				minimumVersion = 2.7.6;
			};
		};
		65EE5C942D1CEBBD0026B8F1 /* XCRemoteSwiftPackageReference "MeshGradient" */ = {
			isa = XCRemoteSwiftPackageReference;
			repositoryURL = "https://github.com/Xinshao-air/MeshGradient.git";
			requirement = {
				branch = main;
				kind = branch;
			};
		};
		65EE5C992D1CEBD30026B8F1 /* XCRemoteSwiftPackageReference "DominantColors" */ = {
			isa = XCRemoteSwiftPackageReference;
			repositoryURL = "https://github.com/DenDmitriev/DominantColors";
			requirement = {
				kind = upToNextMajorVersion;
				minimumVersion = 1.2.1;
			};
		};
		65F1DA7B2CED77F100389E37 /* XCRemoteSwiftPackageReference "SFBAudioEngine" */ = {
			isa = XCRemoteSwiftPackageReference;
			repositoryURL = "https://github.com/sbooth/SFBAudioEngine";
			requirement = {
				kind = upToNextMajorVersion;
				minimumVersion = 0.4.0;
			};
		};
		65F1DA822CED788D00389E37 /* XCRemoteSwiftPackageReference "CAAudioHardware" */ = {
			isa = XCRemoteSwiftPackageReference;
			repositoryURL = "https://github.com/sbooth/CAAudioHardware";
			requirement = {
				kind = upToNextMajorVersion;
				minimumVersion = 0.5.0;
			};
		};
		65F1DA8B2CED83F800389E37 /* XCRemoteSwiftPackageReference "FullDiskAccess" */ = {
			isa = XCRemoteSwiftPackageReference;
			repositoryURL = "https://github.com/inket/FullDiskAccess";
			requirement = {
				kind = upToNextMajorVersion;
				minimumVersion = 1.0.0;
			};
		};
		65F1DA9B2CEDBD8700389E37 /* XCRemoteSwiftPackageReference "Defaults" */ = {
			isa = XCRemoteSwiftPackageReference;
			repositoryURL = "https://github.com/sindresorhus/Defaults";
			requirement = {
				branch = main;
				kind = branch;
			};
		};
		65F1DAB12CEDBED700389E37 /* XCRemoteSwiftPackageReference "SFSafeSymbols" */ = {
			isa = XCRemoteSwiftPackageReference;
			repositoryURL = "https://github.com/SFSafeSymbols/SFSafeSymbols";
			requirement = {
				kind = upToNextMajorVersion;
				minimumVersion = 5.3.0;
			};
		};
/* End XCRemoteSwiftPackageReference section */

/* Begin XCSwiftPackageProductDependency section */
		2810E2442CFB169E006FF94A /* Morphed */ = {
			isa = XCSwiftPackageProductDependency;
			package = 2810E2432CFB169E006FF94A /* XCRemoteSwiftPackageReference "Morphed" */;
			productName = Morphed;
		};
		2845A9F62D08745900CD7517 /* SmartCache */ = {
			isa = XCSwiftPackageProductDependency;
			package = 2845A9F52D08745900CD7517 /* XCRemoteSwiftPackageReference "smart-cache" */;
			productName = SmartCache;
		};
		28797B992D10724C00FB4395 /* SwiftUIIntrospect */ = {
			isa = XCSwiftPackageProductDependency;
			package = 28797B982D10724C00FB4395 /* XCRemoteSwiftPackageReference "swiftui-introspect" */;
			productName = SwiftUIIntrospect;
		};
		287F978C2CF3160700C60307 /* Luminare */ = {
			isa = XCSwiftPackageProductDependency;
			package = 287F978B2CF3160600C60307 /* XCRemoteSwiftPackageReference "Luminare" */;
			productName = Luminare;
		};
		65DFF89C2CFC2A6F00285040 /* SwiftSoup */ = {
			isa = XCSwiftPackageProductDependency;
			package = 65DFF89B2CFC2A6F00285040 /* XCRemoteSwiftPackageReference "SwiftSoup" */;
			productName = SwiftSoup;
		};
		65EE5C952D1CEBBD0026B8F1 /* MeshGradient */ = {
			isa = XCSwiftPackageProductDependency;
			package = 65EE5C942D1CEBBD0026B8F1 /* XCRemoteSwiftPackageReference "MeshGradient" */;
			productName = MeshGradient;
		};
		65EE5C972D1CEBBD0026B8F1 /* MeshGradientCHeaders */ = {
			isa = XCSwiftPackageProductDependency;
			package = 65EE5C942D1CEBBD0026B8F1 /* XCRemoteSwiftPackageReference "MeshGradient" */;
			productName = MeshGradientCHeaders;
		};
		65EE5C9A2D1CEBD30026B8F1 /* DominantColors */ = {
			isa = XCSwiftPackageProductDependency;
			package = 65EE5C992D1CEBD30026B8F1 /* XCRemoteSwiftPackageReference "DominantColors" */;
			productName = DominantColors;
		};
		65F1DA7C2CED77F100389E37 /* SFBAudioEngine */ = {
			isa = XCSwiftPackageProductDependency;
			package = 65F1DA7B2CED77F100389E37 /* XCRemoteSwiftPackageReference "SFBAudioEngine" */;
			productName = SFBAudioEngine;
		};
		65F1DA832CED788D00389E37 /* CAAudioHardware */ = {
			isa = XCSwiftPackageProductDependency;
			package = 65F1DA822CED788D00389E37 /* XCRemoteSwiftPackageReference "CAAudioHardware" */;
			productName = CAAudioHardware;
		};
		65F1DA8C2CED83F800389E37 /* FullDiskAccess */ = {
			isa = XCSwiftPackageProductDependency;
			package = 65F1DA8B2CED83F800389E37 /* XCRemoteSwiftPackageReference "FullDiskAccess" */;
			productName = FullDiskAccess;
		};
		65F1DA9C2CEDBD8700389E37 /* Defaults */ = {
			isa = XCSwiftPackageProductDependency;
			package = 65F1DA9B2CEDBD8700389E37 /* XCRemoteSwiftPackageReference "Defaults" */;
			productName = Defaults;
		};
		65F1DAB22CEDBED700389E37 /* SFSafeSymbols */ = {
			isa = XCSwiftPackageProductDependency;
			package = 65F1DAB12CEDBED700389E37 /* XCRemoteSwiftPackageReference "SFSafeSymbols" */;
			productName = SFSafeSymbols;
		};
/* End XCSwiftPackageProductDependency section */
	};
	rootObject = 65F1D9F92CECCEE900389E37 /* Project object */;
}
