{
  "originHash" : "4514d8c92410fcfc774b458dffb34494e8fb2175ee96501b6f61195093c93412",
  "pins" : [
    {
      "identity" : "avfaudioextensions",
      "kind" : "remoteSourceControl",
      "location" : "https://github.com/sbooth/AVFAudioExtensions",
      "state" : {
        "revision" : "a9616556eb3ed9751fc6e036c2197540036567ee",
        "version" : "0.4.1"
      }
    },
    {
      "identity" : "caaudiohardware",
      "kind" : "remoteSourceControl",
      "location" : "https://github.com/sbooth/CAAudioHardware",
      "state" : {
        "revision" : "b750861a04f8d20a064a8d540f6bd3e9809bee43",
        "version" : "0.6.0"
      }
    },
    {
      "identity" : "cdumb",
      "kind" : "remoteSourceControl",
      "location" : "https://github.com/sbooth/CDUMB",
      "state" : {
        "revision" : "0cceb710cad35b9aaf5bb6b65faf71436b6aa7c3",
        "version" : "2.0.3"
      }
    },
    {
      "identity" : "coreaudioextensions",
      "kind" : "remoteSourceControl",
      "location" : "https://github.com/sbooth/CoreAudioExtensions",
      "state" : {
        "revision" : "6786ff0074ae44e6c1c053d113218aeca47eaccc",
        "version" : "0.3.0"
      }
    },
    {
      "identity" : "cspeex",
      "kind" : "remoteSourceControl",
      "location" : "https://github.com/sbooth/CSpeex",
      "state" : {
        "revision" : "ba33fd93d54d8e7fc93b8a1d27991e756bac7345",
        "version" : "1.2.1"
      }
    },
    {
      "identity" : "cxxaudioutilities",
      "kind" : "remoteSourceControl",
      "location" : "https://github.com/sbooth/CXXAudioUtilities",
      "state" : {
        "revision" : "351f9f85e17a552b03583525e5a9caec1b11f009",
        "version" : "0.3.1"
      }
    },
    {
      "identity" : "cxxmonkeysaudio",
      "kind" : "remoteSourceControl",
      "location" : "https://github.com/sbooth/CXXMonkeysAudio",
      "state" : {
        "revision" : "8e77d4a5754f956aa6ba198fbe4991a3b66bcb6b",
        "version" : "10.76.0"
      }
    },
    {
      "identity" : "cxxtaglib",
      "kind" : "remoteSourceControl",
      "location" : "https://github.com/sbooth/CXXTagLib",
      "state" : {
        "revision" : "a0e6af681acccd4a2e949ead379137ea67a82774",
        "version" : "2.0.2"
      }
    },
    {
      "identity" : "defaults",
      "kind" : "remoteSourceControl",
      "location" : "https://github.com/sindresorhus/Defaults",
      "state" : {
        "branch" : "main",
        "revision" : "3d98a76aab39eedf957274e98e15ebe6bb390b87"
      }
    },
    {
      "identity" : "dominantcolors",
      "kind" : "remoteSourceControl",
      "location" : "https://github.com/DenDmitriev/DominantColors",
      "state" : {
        "revision" : "c2b8ad9768fd984729624eaa8203aa9a23b06909",
        "version" : "1.2.1"
      }
    },
    {
      "identity" : "flac-binary-xcframework",
      "kind" : "remoteSourceControl",
      "location" : "https://github.com/sbooth/flac-binary-xcframework",
      "state" : {
        "revision" : "141f566e468e89be24d2d5df9c5ec1fad548f738",
        "version" : "0.1.3"
      }
    },
    {
      "identity" : "fulldiskaccess",
      "kind" : "remoteSourceControl",
      "location" : "https://github.com/inket/FullDiskAccess",
      "state" : {
        "revision" : "846e04ea2b84fce843f47d7e7f3421189221829c",
        "version" : "1.0.0"
      }
    },
    {
      "identity" : "lame-binary-xcframework",
      "kind" : "remoteSourceControl",
      "location" : "https://github.com/sbooth/lame-binary-xcframework",
      "state" : {
        "revision" : "07703e040231d50f2e7f160c670f356f129a00e4",
        "version" : "0.1.2"
      }
    },
    {
      "identity" : "luminare",
      "kind" : "remoteSourceControl",
      "location" : "https://github.com/Cement-Labs/Luminare",
      "state" : {
        "branch" : "main",
        "revision" : "b441c4ee172a863b3be1f6d647564bd3baa23f8e"
      }
    },
    {
      "identity" : "meshgradient",
      "kind" : "remoteSourceControl",
      "location" : "https://github.com/Xinshao-air/MeshGradient.git",
      "state" : {
        "branch" : "main",
        "revision" : "d84dafd99162557a01dc2ca2c1ddffc62e2c857c"
      }
    },
    {
      "identity" : "morphed",
      "kind" : "remoteSourceControl",
      "location" : "https://github.com/Cement-Labs/Morphed",
      "state" : {
        "branch" : "main",
        "revision" : "bed3feff200fce49ccff276cd274fce041754c11"
      }
    },
    {
      "identity" : "mpc-binary-xcframework",
      "kind" : "remoteSourceControl",
      "location" : "https://github.com/sbooth/mpc-binary-xcframework",
      "state" : {
        "revision" : "de4b45fa64ed88467806c50217e9da7032a99d80",
        "version" : "0.1.2"
      }
    },
    {
      "identity" : "mpg123-binary-xcframework",
      "kind" : "remoteSourceControl",
      "location" : "https://github.com/sbooth/mpg123-binary-xcframework",
      "state" : {
        "revision" : "456d42bcf025a76499aa64cd7a801d91894579ab",
        "version" : "0.2.2"
      }
    },
    {
      "identity" : "ogg-binary-xcframework",
      "kind" : "remoteSourceControl",
      "location" : "https://github.com/sbooth/ogg-binary-xcframework",
      "state" : {
        "revision" : "c0e822e18738ad913864e98d9614927ac1e9337c",
        "version" : "0.1.2"
      }
    },
    {
      "identity" : "opus-binary-xcframework",
      "kind" : "remoteSourceControl",
      "location" : "https://github.com/sbooth/opus-binary-xcframework",
      "state" : {
        "revision" : "74201a6af424e7e3a007fd5e401e9d2ce6896628",
        "version" : "0.2.2"
      }
    },
    {
      "identity" : "sfbaudioengine",
      "kind" : "remoteSourceControl",
      "location" : "https://github.com/sbooth/SFBAudioEngine",
      "state" : {
        "revision" : "02fa6a4d8fe1195ed81f7d65fb000cac3f3e4f1a",
        "version" : "0.6.0"
      }
    },
    {
      "identity" : "sfsafesymbols",
      "kind" : "remoteSourceControl",
      "location" : "https://github.com/SFSafeSymbols/SFSafeSymbols",
      "state" : {
        "revision" : "e2e28f4e56e1769c2ec3c61c9355fc64eb7a535a",
        "version" : "5.3.0"
      }
    },
    {
      "identity" : "smart-cache",
      "kind" : "remoteSourceControl",
      "location" : "https://github.com/nightwill/smart-cache",
      "state" : {
        "revision" : "fbc659413903249af78ee52701f4ef015c163257",
        "version" : "1.0.0"
      }
    },
    {
      "identity" : "sndfile-binary-xcframework",
      "kind" : "remoteSourceControl",
      "location" : "https://github.com/sbooth/sndfile-binary-xcframework",
      "state" : {
        "revision" : "52f73460dc04ba789ad3007ad004faa328b732dd",
        "version" : "0.1.2"
      }
    },
    {
      "identity" : "swift-syntax",
      "kind" : "remoteSourceControl",
      "location" : "https://github.com/swiftlang/swift-syntax",
      "state" : {
        "revision" : "0687f71944021d616d34d922343dcef086855920",
        "version" : "600.0.1"
      }
    },
    {
      "identity" : "swiftsoup",
      "kind" : "remoteSourceControl",
      "location" : "https://github.com/scinfu/SwiftSoup",
      "state" : {
        "revision" : "6b4930da67b462d3f200472c902dd016d37a554d",
        "version" : "2.7.7"
      }
    },
    {
      "identity" : "swiftui-introspect",
      "kind" : "remoteSourceControl",
      "location" : "https://github.com/siteline/swiftui-introspect",
      "state" : {
        "revision" : "807f73ce09a9b9723f12385e592b4e0aaebd3336",
        "version" : "1.3.0"
      }
    },
    {
      "identity" : "swiftui-variadic-views",
      "kind" : "remoteSourceControl",
      "location" : "https://github.com/lorenzofiamingo/swiftui-variadic-views",
      "state" : {
        "revision" : "af67d0e85bd2b499fbfb4cda834117e7c52b12b0",
        "version" : "1.0.0"
      }
    },
    {
      "identity" : "tta-cpp-binary-xcframework",
      "kind" : "remoteSourceControl",
      "location" : "https://github.com/sbooth/tta-cpp-binary-xcframework",
      "state" : {
        "revision" : "b68cf8a127936434cae93aa2c613d4b47eb34de4",
        "version" : "0.1.2"
      }
    },
    {
      "identity" : "vorbis-binary-xcframework",
      "kind" : "remoteSourceControl",
      "location" : "https://github.com/sbooth/vorbis-binary-xcframework",
      "state" : {
        "revision" : "842020eabcebe410e698c68545d6597b2d232e51",
        "version" : "0.1.2"
      }
    },
    {
      "identity" : "wavpack-binary-xcframework",
      "kind" : "remoteSourceControl",
      "location" : "https://github.com/sbooth/wavpack-binary-xcframework",
      "state" : {
        "revision" : "9e46a5e77941e7910da0028d7f367375d98ce2e0",
        "version" : "0.1.1"
      }
    }
  ],
  "version" : 3
}
