// !$*UTF8*$!
{
	archiveVersion = 1;
	classes = {
	};
	objectVersion = 77;
	objects = {

/* Begin PBXBuildFile section */
		2810E2452CFB169E006FF94A /* Morphed in Frameworks */ = {isa = PBXBuildFile; productRef = 2810E2442CFB169E006FF94A /* Morphed */; };
		2845A9F72D08745900CD7517 /* SmartCache in Frameworks */ = {isa = PBXBuildFile; productRef = 2845A9F62D08745900CD7517 /* SmartCache */; };
		286D1F612D50A93100DB3C76 /* Interface.framework in Frameworks */ = {isa = PBXBuildFile; fileRef = 286D1F572D50A93100DB3C76 /* Interface.framework */; };
		286D1F6C2D50A93100DB3C76 /* Interface.framework in Frameworks */ = {isa = PBXBuildFile; fileRef = 286D1F572D50A93100DB3C76 /* Interface.framework */; };
		286D1F6D2D50A93100DB3C76 /* Interface.framework in Embed Frameworks */ = {isa = PBXBuildFile; fileRef = 286D1F572D50A93100DB3C76 /* Interface.framework */; settings = {ATTRIBUTES = (CodeSignOnCopy, RemoveHeadersOnCopy, ); }; };
		286D1FA92D50AC1B00DB3C76 /* Models.framework in Frameworks */ = {isa = PBXBuildFile; fileRef = 286D1F9F2D50AC1B00DB3C76 /* Models.framework */; };
		286D1FB42D50AC1B00DB3C76 /* Models.framework in Frameworks */ = {isa = PBXBuildFile; fileRef = 286D1F9F2D50AC1B00DB3C76 /* Models.framework */; };
		286D1FB52D50AC1B00DB3C76 /* Models.framework in Embed Frameworks */ = {isa = PBXBuildFile; fileRef = 286D1F9F2D50AC1B00DB3C76 /* Models.framework */; settings = {ATTRIBUTES = (CodeSignOnCopy, RemoveHeadersOnCopy, ); }; };
		286D1FBF2D50AC4E00DB3C76 /* Models.framework in Frameworks */ = {isa = PBXBuildFile; fileRef = 286D1F9F2D50AC1B00DB3C76 /* Models.framework */; };
		286D1FC02D50AC4E00DB3C76 /* Models.framework in Embed Frameworks */ = {isa = PBXBuildFile; fileRef = 286D1F9F2D50AC1B00DB3C76 /* Models.framework */; settings = {ATTRIBUTES = (CodeSignOnCopy, RemoveHeadersOnCopy, ); }; };
		287260F52D4B2EDD00D501FB /* SwiftUIScrollOffset in Frameworks */ = {isa = PBXBuildFile; productRef = 287260F42D4B2EDD00D501FB /* SwiftUIScrollOffset */; };
		287261762D4BBC3000D501FB /* BitCollections in Frameworks */ = {isa = PBXBuildFile; productRef = 287261752D4BBC3000D501FB /* BitCollections */; };
		287261782D4BBC3000D501FB /* Collections in Frameworks */ = {isa = PBXBuildFile; productRef = 287261772D4BBC3000D501FB /* Collections */; };
		2872617A2D4BBC3000D501FB /* DequeModule in Frameworks */ = {isa = PBXBuildFile; productRef = 287261792D4BBC3000D501FB /* DequeModule */; };
		2872617C2D4BBC3000D501FB /* HashTreeCollections in Frameworks */ = {isa = PBXBuildFile; productRef = 2872617B2D4BBC3000D501FB /* HashTreeCollections */; };
		2872617E2D4BBC3000D501FB /* HeapModule in Frameworks */ = {isa = PBXBuildFile; productRef = 2872617D2D4BBC3000D501FB /* HeapModule */; };
		28797B9A2D10724C00FB4395 /* SwiftUIIntrospect in Frameworks */ = {isa = PBXBuildFile; productRef = 28797B992D10724C00FB4395 /* SwiftUIIntrospect */; };
		287F978D2CF3160700C60307 /* Luminare in Frameworks */ = {isa = PBXBuildFile; productRef = 287F978C2CF3160700C60307 /* Luminare */; };
		65D940472D26671900F67AA6 /* MeshGradient in Frameworks */ = {isa = PBXBuildFile; productRef = 65D940462D26671900F67AA6 /* MeshGradient */; };
		65D940492D26671900F67AA6 /* MeshGradientCHeaders in Frameworks */ = {isa = PBXBuildFile; productRef = 65D940482D26671900F67AA6 /* MeshGradientCHeaders */; };
		65DFF89D2CFC2A6F00285040 /* SwiftSoup in Frameworks */ = {isa = PBXBuildFile; productRef = 65DFF89C2CFC2A6F00285040 /* SwiftSoup */; };
		65EE5C9B2D1CEBD30026B8F1 /* DominantColors in Frameworks */ = {isa = PBXBuildFile; productRef = 65EE5C9A2D1CEBD30026B8F1 /* DominantColors */; };
		65F1DA7D2CED77F100389E37 /* SFBAudioEngine in Frameworks */ = {isa = PBXBuildFile; productRef = 65F1DA7C2CED77F100389E37 /* SFBAudioEngine */; };
		65F1DA842CED788D00389E37 /* CAAudioHardware in Frameworks */ = {isa = PBXBuildFile; productRef = 65F1DA832CED788D00389E37 /* CAAudioHardware */; };
		65F1DA8D2CED83F800389E37 /* FullDiskAccess in Frameworks */ = {isa = PBXBuildFile; productRef = 65F1DA8C2CED83F800389E37 /* FullDiskAccess */; };
		65F1DA9D2CEDBD8700389E37 /* Defaults in Frameworks */ = {isa = PBXBuildFile; productRef = 65F1DA9C2CEDBD8700389E37 /* Defaults */; };
		65F1DAB32CEDBED700389E37 /* SFSafeSymbols in Frameworks */ = {isa = PBXBuildFile; productRef = 65F1DAB22CEDBED700389E37 /* SFSafeSymbols */; };
/* End PBXBuildFile section */

/* Begin PBXContainerItemProxy section */
		286D1F332D50A75D00DB3C76 /* PBXContainerItemProxy */ = {
			isa = PBXContainerItemProxy;
			containerPortal = 65F1D9F92CECCEE900389E37 /* Project object */;
			proxyType = 1;
			remoteGlobalIDString = 65F1DA002CECCEE900389E37;
			remoteInfo = MelodicStamp;
		};
		286D1F622D50A93100DB3C76 /* PBXContainerItemProxy */ = {
			isa = PBXContainerItemProxy;
			containerPortal = 65F1D9F92CECCEE900389E37 /* Project object */;
			proxyType = 1;
			remoteGlobalIDString = 286D1F562D50A93100DB3C76;
			remoteInfo = Interface;
		};
		286D1F642D50A93100DB3C76 /* PBXContainerItemProxy */ = {
			isa = PBXContainerItemProxy;
			containerPortal = 65F1D9F92CECCEE900389E37 /* Project object */;
			proxyType = 1;
			remoteGlobalIDString = 65F1DA002CECCEE900389E37;
			remoteInfo = MelodicStamp;
		};
		286D1F6A2D50A93100DB3C76 /* PBXContainerItemProxy */ = {
			isa = PBXContainerItemProxy;
			containerPortal = 65F1D9F92CECCEE900389E37 /* Project object */;
			proxyType = 1;
			remoteGlobalIDString = 286D1F562D50A93100DB3C76;
			remoteInfo = Interface;
		};
		286D1FAA2D50AC1B00DB3C76 /* PBXContainerItemProxy */ = {
			isa = PBXContainerItemProxy;
			containerPortal = 65F1D9F92CECCEE900389E37 /* Project object */;
			proxyType = 1;
			remoteGlobalIDString = 286D1F9E2D50AC1B00DB3C76;
			remoteInfo = Models;
		};
		286D1FAC2D50AC1B00DB3C76 /* PBXContainerItemProxy */ = {
			isa = PBXContainerItemProxy;
			containerPortal = 65F1D9F92CECCEE900389E37 /* Project object */;
			proxyType = 1;
			remoteGlobalIDString = 65F1DA002CECCEE900389E37;
			remoteInfo = MelodicStamp;
		};
		286D1FB22D50AC1B00DB3C76 /* PBXContainerItemProxy */ = {
			isa = PBXContainerItemProxy;
			containerPortal = 65F1D9F92CECCEE900389E37 /* Project object */;
			proxyType = 1;
			remoteGlobalIDString = 286D1F9E2D50AC1B00DB3C76;
			remoteInfo = Models;
		};
		286D1FC12D50AC4E00DB3C76 /* PBXContainerItemProxy */ = {
			isa = PBXContainerItemProxy;
			containerPortal = 65F1D9F92CECCEE900389E37 /* Project object */;
			proxyType = 1;
			remoteGlobalIDString = 286D1F9E2D50AC1B00DB3C76;
			remoteInfo = Models;
		};
/* End PBXContainerItemProxy section */

/* Begin PBXCopyFilesBuildPhase section */
		286D1F512D50A8FB00DB3C76 /* Embed ExtensionKit Extensions */ = {
			isa = PBXCopyFilesBuildPhase;
			buildActionMask = 2147483647;
			dstPath = "$(EXTENSIONS_FOLDER_PATH)";
			dstSubfolderSpec = 16;
			files = (
			);
			name = "Embed ExtensionKit Extensions";
			runOnlyForDeploymentPostprocessing = 0;
		};
		286D1F722D50A93100DB3C76 /* Embed Frameworks */ = {
			isa = PBXCopyFilesBuildPhase;
			buildActionMask = 2147483647;
			dstPath = "";
			dstSubfolderSpec = 10;
			files = (
				286D1FB52D50AC1B00DB3C76 /* Models.framework in Embed Frameworks */,
				286D1F6D2D50A93100DB3C76 /* Interface.framework in Embed Frameworks */,
			);
			name = "Embed Frameworks";
			runOnlyForDeploymentPostprocessing = 0;
		};
		286D1FC32D50AC4E00DB3C76 /* Embed Frameworks */ = {
			isa = PBXCopyFilesBuildPhase;
			buildActionMask = 2147483647;
			dstPath = "";
			dstSubfolderSpec = 10;
			files = (
				286D1FC02D50AC4E00DB3C76 /* Models.framework in Embed Frameworks */,
			);
			name = "Embed Frameworks";
			runOnlyForDeploymentPostprocessing = 0;
		};
		289123322D54581E0092526E /* Embed PlugIns */ = {
			isa = PBXCopyFilesBuildPhase;
			buildActionMask = 2147483647;
			dstPath = "";
			dstSubfolderSpec = 13;
			files = (
			);
			name = "Embed PlugIns";
			runOnlyForDeploymentPostprocessing = 0;
		};
/* End PBXCopyFilesBuildPhase section */

/* Begin PBXFileReference section */
		286D1F2F2D50A75D00DB3C76 /* MelodicStampTests.xctest */ = {isa = PBXFileReference; explicitFileType = wrapper.cfbundle; includeInIndex = 0; path = MelodicStampTests.xctest; sourceTree = BUILT_PRODUCTS_DIR; };
		286D1F572D50A93100DB3C76 /* Interface.framework */ = {isa = PBXFileReference; explicitFileType = wrapper.framework; includeInIndex = 0; path = Interface.framework; sourceTree = BUILT_PRODUCTS_DIR; };
		286D1F602D50A93100DB3C76 /* InterfaceTests.xctest */ = {isa = PBXFileReference; explicitFileType = wrapper.cfbundle; includeInIndex = 0; path = InterfaceTests.xctest; sourceTree = BUILT_PRODUCTS_DIR; };
		286D1F9F2D50AC1B00DB3C76 /* Models.framework */ = {isa = PBXFileReference; explicitFileType = wrapper.framework; includeInIndex = 0; path = Models.framework; sourceTree = BUILT_PRODUCTS_DIR; };
		286D1FA82D50AC1B00DB3C76 /* ModelsTests.xctest */ = {isa = PBXFileReference; explicitFileType = wrapper.cfbundle; includeInIndex = 0; path = ModelsTests.xctest; sourceTree = BUILT_PRODUCTS_DIR; };
		65F1DA012CECCEE900389E37 /* Melodic Stamp.app */ = {isa = PBXFileReference; explicitFileType = wrapper.application; includeInIndex = 0; path = "Melodic Stamp.app"; sourceTree = BUILT_PRODUCTS_DIR; };
/* End PBXFileReference section */

/* Begin PBXFileSystemSynchronizedBuildFileExceptionSet section */
		286D1F6E2D50A93100DB3C76 /* Exceptions for "Interface" folder in "Interface" target */ = {
			isa = PBXFileSystemSynchronizedBuildFileExceptionSet;
			membershipExceptions = (
				About/AboutView.swift,
				About/AlternativeAboutView.swift,
				Auxiliary/Alive/AliveButtonStyle.swift,
				Auxiliary/Alive/AliveHighlight.swift,
				Auxiliary/Alive/AliveProgressViewStyle.swift,
				Auxiliary/Alive/HoverableBackgroundView.swift,
				Auxiliary/Alive/HoverableLabel.swift,
				Auxiliary/Alive/MotionCardView.swift,
				Auxiliary/Backgrounds/ChromaBackgroundView.swift,
				Auxiliary/Backgrounds/EtherealBackgroundView.swift,
				Auxiliary/Backgrounds/OpaqueBackgroundView.swift,
				Auxiliary/Backgrounds/VibrantBackgroundView.swift,
				Auxiliary/ContributorAvatarView.swift,
				Auxiliary/Controls/MarqueeScrollView.swift,
				Auxiliary/Controls/ProgressBar.swift,
				Auxiliary/Controls/RangeSlider.swift,
				Auxiliary/DynamicTypeSizeView.swift,
				Auxiliary/Effects/ContinuousRipple.metal,
				Auxiliary/Effects/ContinuousRippleEffectView.swift,
				Auxiliary/EmptyMusicNoteView.swift,
				Auxiliary/ExcerptView.swift,
				Auxiliary/Integrations/AppKitNavigationSplitViewController.swift,
				Auxiliary/Integrations/CatchWindow.swift,
				Auxiliary/Integrations/VisualEffectView.swift,
				Auxiliary/LoadingExcerptView.swift,
				Auxiliary/Modifiers/ContentOffsetModifier.swift,
				Auxiliary/NavigationDocumentView.swift,
				Auxiliary/NavigationTitlesView.swift,
				Auxiliary/PresentationAttachmentBar.swift,
				Auxiliary/SimpleGradientView.swift,
				ContentView.swift,
				"Floating Windows/FloatingPlayerView.swift",
				"Floating Windows/FloatingTabBarView.swift",
				"Floating Windows/FloatingWindowsView.swift",
				Functional/Commands/EditingCommands.swift,
				Functional/Commands/FileCommands.swift,
				Functional/Commands/LocalizedInspectorCommands.swift,
				Functional/Commands/PlayerCommands.swift,
				Functional/Commands/PlaylistCommands.swift,
				Functional/Commands/WindowCommands.swift,
				"Functional/Delegated Storages/DelegatedPlaylistStateStorage.swift",
				"Functional/Delegated Storages/DelegatedPlaylistStorage.swift",
				Functional/Errors/MetadataErrorView.swift,
				"Functional/Output Device/AudioDeviceTransportTypeView.swift",
				"Functional/Output Device/OutputDeviceList.swift",
				"Functional/Output Device/OutputDevicePicker.swift",
				"Functional/Output Device/OutputDeviceView.swift",
				Functional/Playback/PlaybackModePicker.swift,
				Functional/Playback/PlaybackModeView.swift,
				Functional/Presentations/Auxiliary/ModifiedMetadataList.swift,
				Functional/Presentations/Auxiliary/WindowTerminationPresentationInjector.swift,
				Functional/Presentations/FileImporters.swift,
				Functional/Presentations/PlaylistPresentation.swift,
				Functional/Presentations/UnsavedChangesPresentation.swift,
				Functional/Presentations/UnsavedPlaylistPresentation.swift,
				Functional/Toolbars/EditorToolbar.swift,
				Functional/Toolbars/FileToolbar.swift,
				Functional/Toolbars/LibraryToolbar.swift,
				Functional/Toolbars/LyricsToolbar.swift,
				InterfaceView.swift,
				Lyrics/AppleMusicLyricsView.swift,
				Lyrics/Auxiliary/ProgressDotsView.swift,
				Lyrics/Composed/ComposedLyricLineView.swift,
				Lyrics/Composed/ComposedLyricsView.swift,
				Lyrics/Display/DisplayLyricLineView.swift,
				Lyrics/Display/DisplayLyricsRenderer.swift,
				Lyrics/Display/DisplayLyricsView.swift,
				Lyrics/Display/LRC/LRCDisplayLyricLineView.swift,
				Lyrics/Display/Raw/RawDisplayLyricLineView.swift,
				Lyrics/Display/TTML/TTMLDisplayLyricLineView.swift,
				Lyrics/Inspector/TTML/TTMLInspectorInformationView.swift,
				Lyrics/Inspector/TTML/TTMLInspectorLyricLineView.swift,
				Lyrics/Inspector/TTML/TTMLInspectorLyricsView.swift,
				Lyrics/LyricsAnalyzerView.swift,
				Main/Content/Leaflet/Auxiliary/AppleMusicLyricsViewInteractionStateButton.swift,
				Main/Content/Leaflet/Auxiliary/LeafletLyricsControlsView.swift,
				Main/Content/Leaflet/LeafletView.swift,
				Main/Content/Playlist/Auxiliary/PlaylistMetadataView.swift,
				Main/Content/Playlist/Auxiliary/TracksContextMenu.swift,
				Main/Content/Playlist/PlaylistView.swift,
				Main/Content/Playlist/TrackPreview.swift,
				Main/Content/Playlist/TrackView.swift,
				"Main/Inspectors/Advanced Metadata/InspectorAdvancedMetadataView.swift",
				Main/Inspectors/Analytics/InspectorAnalyticsView.swift,
				"Main/Inspectors/Common Metadata/InspectorCommonMetadataView.swift",
				Main/Inspectors/Library/Auxiliary/PlaylistsContextMenu.swift,
				Main/Inspectors/Library/InspectorLibraryView.swift,
				Main/Inspectors/Library/LibraryItemView.swift,
				Main/Inspectors/Lyrics/InspectorLyricsView.swift,
				Main/MainView.swift,
				"Metadata Editor/LabeledOptionalControl.swift",
				"Metadata Editor/LabeledSection.swift",
				"Metadata Editor/LabeledTextEditor.swift",
				"Metadata Editor/LabeledTextField.swift",
				Player/Auxiliary/AttachedPictureCategoryView.swift,
				Player/Auxiliary/AttachedPictureTypeView.swift,
				Player/Auxiliary/DurationText.swift,
				Player/Auxiliary/MusicTitle.swift,
				Player/MiniPlayerView.swift,
				"Player/Music Cover/AdaptableMusicCoverControl.swift",
				"Player/Music Cover/AdaptableMusicCovers.swift",
				"Player/Music Cover/MusicCover.swift",
				Player/PlayerView.swift,
				Settings/Auxiliary/SettingsBannerIcon.swift,
				Settings/Auxiliary/SettingsExcerptView.swift,
				Settings/Auxiliary/SettingsSidebarIcon.swift,
				Settings/Controls/About/SettingsContributorsControl.swift,
				Settings/Controls/Behaviors/SettingsAsksForPlaylistInformationControl.swift,
				Settings/Controls/Behaviors/SettingsDefaultPlaybackModeControl.swift,
				Settings/Controls/Gradient/SettingsGradientDynamicsControl.swift,
				Settings/Controls/Gradient/SettingsGradientFPSControl.swift,
				Settings/Controls/Gradient/SettingsGradientResolutionControl.swift,
				Settings/Controls/Lyrics/SettingsLyricsAttachmentsControl.swift,
				Settings/Controls/Lyrics/SettingsLyricsFadingEffectControl.swift,
				Settings/Controls/Lyrics/SettingsLyricsMaxWidthControl.swift,
				Settings/Controls/Lyrics/SettingsLyricsTypeSizeControl.swift,
				Settings/Controls/UI/SettingsDynamicTitleBarControl.swift,
				Settings/Controls/UI/SettingsMotionLevelControl.swift,
				"Settings/Controls/Window Backgrounds/SettingsBackgroundStylesControl.swift",
				Settings/Pages/SettingsAppearancePage.swift,
				Settings/Pages/SettingsBehaviorsPage.swift,
				Settings/Pages/SettingsFeedbackPage.swift,
				Settings/Pages/SettingsLyricsPage.swift,
				Settings/Pages/SettingsPerformancePage.swift,
				Settings/Pages/SettingsVisualizationPage.swift,
				Settings/SettingsView.swift,
				Visualization/AnimatedGrid.swift,
				Visualization/Spectrum/SpectrumChannel.swift,
				Visualization/Spectrum/SpectrumView.swift,
				Visualization/TinyBinaryChannelVisualizerView.swift,
			);
			publicHeaders = (
				Interface.h,
			);
			target = 286D1F562D50A93100DB3C76 /* Interface */;
		};
		286D1F762D50A95400DB3C76 /* Exceptions for "Interface" folder in "MelodicStamp" target */ = {
			isa = PBXFileSystemSynchronizedBuildFileExceptionSet;
			membershipExceptions = (
				About/AboutView.swift,
				About/AlternativeAboutView.swift,
				Auxiliary/Alive/AliveButtonStyle.swift,
				Auxiliary/Alive/AliveHighlight.swift,
				Auxiliary/Alive/AliveProgressViewStyle.swift,
				Auxiliary/Alive/HoverableBackgroundView.swift,
				Auxiliary/Alive/HoverableLabel.swift,
				Auxiliary/Alive/MotionCardView.swift,
				Auxiliary/Backgrounds/ChromaBackgroundView.swift,
				Auxiliary/Backgrounds/EtherealBackgroundView.swift,
				Auxiliary/Backgrounds/OpaqueBackgroundView.swift,
				Auxiliary/Backgrounds/VibrantBackgroundView.swift,
				Auxiliary/ContributorAvatarView.swift,
				Auxiliary/Controls/MarqueeScrollView.swift,
				Auxiliary/Controls/ProgressBar.swift,
				Auxiliary/Controls/RangeSlider.swift,
				Auxiliary/DynamicTypeSizeView.swift,
				Auxiliary/Effects/ContinuousRipple.metal,
				Auxiliary/Effects/ContinuousRippleEffectView.swift,
				Auxiliary/EmptyMusicNoteView.swift,
				Auxiliary/ExcerptView.swift,
				Auxiliary/Integrations/AppKitNavigationSplitViewController.swift,
				Auxiliary/Integrations/CatchWindow.swift,
				Auxiliary/Integrations/VisualEffectView.swift,
				Auxiliary/LoadingExcerptView.swift,
				Auxiliary/Modifiers/ContentOffsetModifier.swift,
				Auxiliary/NavigationDocumentView.swift,
				Auxiliary/NavigationTitlesView.swift,
				Auxiliary/PresentationAttachmentBar.swift,
				Auxiliary/SimpleGradientView.swift,
				ContentView.swift,
				"Floating Windows/FloatingPlayerView.swift",
				"Floating Windows/FloatingTabBarView.swift",
				"Floating Windows/FloatingWindowsView.swift",
				Functional/Commands/EditingCommands.swift,
				Functional/Commands/FileCommands.swift,
				Functional/Commands/LocalizedInspectorCommands.swift,
				Functional/Commands/PlayerCommands.swift,
				Functional/Commands/PlaylistCommands.swift,
				Functional/Commands/WindowCommands.swift,
				"Functional/Delegated Storages/DelegatedPlaylistStateStorage.swift",
				"Functional/Delegated Storages/DelegatedPlaylistStorage.swift",
				Functional/Errors/MetadataErrorView.swift,
				"Functional/Output Device/AudioDeviceTransportTypeView.swift",
				"Functional/Output Device/OutputDeviceList.swift",
				"Functional/Output Device/OutputDevicePicker.swift",
				"Functional/Output Device/OutputDeviceView.swift",
				Functional/Playback/PlaybackModePicker.swift,
				Functional/Playback/PlaybackModeView.swift,
				Functional/Presentations/Auxiliary/ModifiedMetadataList.swift,
				Functional/Presentations/Auxiliary/WindowTerminationPresentationInjector.swift,
				Functional/Presentations/FileImporters.swift,
				Functional/Presentations/PlaylistPresentation.swift,
				Functional/Presentations/UnsavedChangesPresentation.swift,
				Functional/Presentations/UnsavedPlaylistPresentation.swift,
				Functional/Toolbars/EditorToolbar.swift,
				Functional/Toolbars/FileToolbar.swift,
				Functional/Toolbars/LibraryToolbar.swift,
				Functional/Toolbars/LyricsToolbar.swift,
				InterfaceView.swift,
				Lyrics/AppleMusicLyricsView.swift,
				Lyrics/Auxiliary/ProgressDotsView.swift,
				Lyrics/Composed/ComposedLyricLineView.swift,
				Lyrics/Composed/ComposedLyricsView.swift,
				Lyrics/Display/DisplayLyricLineView.swift,
				Lyrics/Display/DisplayLyricsRenderer.swift,
				Lyrics/Display/DisplayLyricsView.swift,
				Lyrics/Display/LRC/LRCDisplayLyricLineView.swift,
				Lyrics/Display/Raw/RawDisplayLyricLineView.swift,
				Lyrics/Display/TTML/TTMLDisplayLyricLineView.swift,
				Lyrics/Inspector/TTML/TTMLInspectorInformationView.swift,
				Lyrics/Inspector/TTML/TTMLInspectorLyricLineView.swift,
				Lyrics/Inspector/TTML/TTMLInspectorLyricsView.swift,
				Lyrics/LyricsAnalyzerView.swift,
				Main/Content/Leaflet/Auxiliary/AppleMusicLyricsViewInteractionStateButton.swift,
				Main/Content/Leaflet/Auxiliary/LeafletLyricsControlsView.swift,
				Main/Content/Leaflet/LeafletView.swift,
				Main/Content/Playlist/Auxiliary/PlaylistMetadataView.swift,
				Main/Content/Playlist/Auxiliary/TracksContextMenu.swift,
				Main/Content/Playlist/PlaylistView.swift,
				Main/Content/Playlist/TrackPreview.swift,
				Main/Content/Playlist/TrackView.swift,
				"Main/Inspectors/Advanced Metadata/InspectorAdvancedMetadataView.swift",
				Main/Inspectors/Analytics/InspectorAnalyticsView.swift,
				"Main/Inspectors/Common Metadata/InspectorCommonMetadataView.swift",
				Main/Inspectors/Library/Auxiliary/PlaylistsContextMenu.swift,
				Main/Inspectors/Library/InspectorLibraryView.swift,
				Main/Inspectors/Library/LibraryItemView.swift,
				Main/Inspectors/Lyrics/InspectorLyricsView.swift,
				Main/MainView.swift,
				"Metadata Editor/LabeledOptionalControl.swift",
				"Metadata Editor/LabeledSection.swift",
				"Metadata Editor/LabeledTextEditor.swift",
				"Metadata Editor/LabeledTextField.swift",
				Player/Auxiliary/AttachedPictureCategoryView.swift,
				Player/Auxiliary/AttachedPictureTypeView.swift,
				Player/Auxiliary/DurationText.swift,
				Player/Auxiliary/MusicTitle.swift,
				Player/MiniPlayerView.swift,
				"Player/Music Cover/AdaptableMusicCoverControl.swift",
				"Player/Music Cover/AdaptableMusicCovers.swift",
				"Player/Music Cover/MusicCover.swift",
				Player/PlayerView.swift,
				Settings/Auxiliary/SettingsBannerIcon.swift,
				Settings/Auxiliary/SettingsExcerptView.swift,
				Settings/Auxiliary/SettingsSidebarIcon.swift,
				Settings/Controls/About/SettingsContributorsControl.swift,
				Settings/Controls/Behaviors/SettingsAsksForPlaylistInformationControl.swift,
				Settings/Controls/Behaviors/SettingsDefaultPlaybackModeControl.swift,
				Settings/Controls/Gradient/SettingsGradientDynamicsControl.swift,
				Settings/Controls/Gradient/SettingsGradientFPSControl.swift,
				Settings/Controls/Gradient/SettingsGradientResolutionControl.swift,
				Settings/Controls/Lyrics/SettingsLyricsAttachmentsControl.swift,
				Settings/Controls/Lyrics/SettingsLyricsFadingEffectControl.swift,
				Settings/Controls/Lyrics/SettingsLyricsMaxWidthControl.swift,
				Settings/Controls/Lyrics/SettingsLyricsTypeSizeControl.swift,
				Settings/Controls/UI/SettingsDynamicTitleBarControl.swift,
				Settings/Controls/UI/SettingsMotionLevelControl.swift,
				"Settings/Controls/Window Backgrounds/SettingsBackgroundStylesControl.swift",
				Settings/Pages/SettingsAppearancePage.swift,
				Settings/Pages/SettingsBehaviorsPage.swift,
				Settings/Pages/SettingsFeedbackPage.swift,
				Settings/Pages/SettingsLyricsPage.swift,
				Settings/Pages/SettingsPerformancePage.swift,
				Settings/Pages/SettingsVisualizationPage.swift,
				Settings/SettingsView.swift,
				Visualization/AnimatedGrid.swift,
				Visualization/Spectrum/SpectrumChannel.swift,
				Visualization/Spectrum/SpectrumView.swift,
				Visualization/TinyBinaryChannelVisualizerView.swift,
			);
			target = 65F1DA002CECCEE900389E37 /* MelodicStamp */;
		};
		286D1FB92D50AC1C00DB3C76 /* Exceptions for "Models" folder in "Models" target */ = {
			isa = PBXFileSystemSynchronizedBuildFileExceptionSet;
			membershipExceptions = (
				AnimatedString.swift,
				ClampableExpression.swift,
				CreationParameters.swift,
				"Defaults/Defaults+BackgroundStyles.swift",
				"Defaults/Defaults+DynamicTitleBar.swift",
				"Defaults/Defaults+GradientDynamics.swift",
				"Defaults/Defaults+GradientFPS.swift",
				"Defaults/Defaults+GradientResolution.swift",
				"Defaults/Defaults+LyricsMaxWidth.swift",
				"Defaults/Defaults+MotionLevel.swift",
				"Defaults/Extensions/Defaults+DynamicTypeSize.swift",
				"Defaults/Extensions/Defaults+LyricsAttachments.swift",
				"Defaults/Extensions/Defaults+PlaybackMode.swift",
				Indexing/Indexer.swift,
				Indexing/PlaylistIndexer.swift,
				Indexing/TrackIndexer.swift,
				ISRC.swift,
				Lyrics/LRC/LRCLyricLine.swift,
				Lyrics/LRC/LRCParser.swift,
				Lyrics/LRC/LRCTag.swift,
				Lyrics/LyricLine.swift,
				Lyrics/LyricsAttachments.swift,
				Lyrics/LyricsMetadata.swift,
				Lyrics/LyricsParser.swift,
				Lyrics/LyricsStorage.swift,
				Lyrics/Raw/RawLyricLine.swift,
				Lyrics/Raw/RawLyricsParser.swift,
				Lyrics/RawLyrics.swift,
				Lyrics/TTML/TTMLData.swift,
				Lyrics/TTML/TTMLLyricLine.swift,
				Lyrics/TTML/TTMLParser.swift,
				Metadata/AdditionalMetadata.swift,
				Metadata/Checkpoint.swift,
				Metadata/Metadata.swift,
				Metadata/MetadataEditorProtocol.swift,
				Metadata/MetadataEntry.swift,
				Player/PlaybackMode.swift,
				Player/PlaybackState.swift,
				Player/PlaybackTime.swift,
				Player/Player.swift,
				"Player/SFBAudioEngine/SFBAudioEngine+PlaybackState.swift",
				"Player/SFBAudioEngine/SFBAudioEngine+Player.swift",
				Playlist/Playlist.swift,
				"Playlist/Playlist+Segments.swift",
				Playlist/Track.swift,
				RawValueCallableAsFunction.swift,
				Settings/SettingsTab.swift,
				Sidebar/SidebarContentTab.swift,
				Sidebar/SidebarInspectorTab.swift,
				Sidebar/SidebarTab.swift,
				StringRepresentable.swift,
				TypeNameReflectable.swift,
			);
			publicHeaders = (
				Models.h,
			);
			target = 286D1F9E2D50AC1B00DB3C76 /* Models */;
		};
		286D1FBD2D50AC2D00DB3C76 /* Exceptions for "Models" folder in "MelodicStamp" target */ = {
			isa = PBXFileSystemSynchronizedBuildFileExceptionSet;
			membershipExceptions = (
				AnimatedString.swift,
				ClampableExpression.swift,
				CreationParameters.swift,
				"Defaults/Defaults+BackgroundStyles.swift",
				"Defaults/Defaults+DynamicTitleBar.swift",
				"Defaults/Defaults+GradientDynamics.swift",
				"Defaults/Defaults+GradientFPS.swift",
				"Defaults/Defaults+GradientResolution.swift",
				"Defaults/Defaults+LyricsMaxWidth.swift",
				"Defaults/Defaults+MotionLevel.swift",
				"Defaults/Extensions/Defaults+DynamicTypeSize.swift",
				"Defaults/Extensions/Defaults+LyricsAttachments.swift",
				"Defaults/Extensions/Defaults+PlaybackMode.swift",
				Indexing/Indexer.swift,
				Indexing/PlaylistIndexer.swift,
				Indexing/TrackIndexer.swift,
				ISRC.swift,
				Lyrics/LRC/LRCLyricLine.swift,
				Lyrics/LRC/LRCParser.swift,
				Lyrics/LRC/LRCTag.swift,
				Lyrics/LyricLine.swift,
				Lyrics/LyricsAttachments.swift,
				Lyrics/LyricsMetadata.swift,
				Lyrics/LyricsParser.swift,
				Lyrics/LyricsStorage.swift,
				Lyrics/Raw/RawLyricLine.swift,
				Lyrics/Raw/RawLyricsParser.swift,
				Lyrics/RawLyrics.swift,
				Lyrics/TTML/TTMLData.swift,
				Lyrics/TTML/TTMLLyricLine.swift,
				Lyrics/TTML/TTMLParser.swift,
				Metadata/AdditionalMetadata.swift,
				Metadata/Checkpoint.swift,
				Metadata/Metadata.swift,
				Metadata/MetadataEditorProtocol.swift,
				Metadata/MetadataEntry.swift,
				Player/PlaybackMode.swift,
				Player/PlaybackState.swift,
				Player/PlaybackTime.swift,
				Player/Player.swift,
				"Player/SFBAudioEngine/SFBAudioEngine+PlaybackState.swift",
				"Player/SFBAudioEngine/SFBAudioEngine+Player.swift",
				Playlist/Playlist.swift,
				"Playlist/Playlist+Segments.swift",
				Playlist/Track.swift,
				RawValueCallableAsFunction.swift,
				Settings/SettingsTab.swift,
				Sidebar/SidebarContentTab.swift,
				Sidebar/SidebarInspectorTab.swift,
				Sidebar/SidebarTab.swift,
				StringRepresentable.swift,
				TypeNameReflectable.swift,
			);
			target = 65F1DA002CECCEE900389E37 /* MelodicStamp */;
		};
/* End PBXFileSystemSynchronizedBuildFileExceptionSet section */

/* Begin PBXFileSystemSynchronizedRootGroup section */
		286D1F302D50A75D00DB3C76 /* MelodicStampTests */ = {
			isa = PBXFileSystemSynchronizedRootGroup;
			path = MelodicStampTests;
			sourceTree = "<group>";
		};
		286D1F582D50A93100DB3C76 /* Interface */ = {
			isa = PBXFileSystemSynchronizedRootGroup;
			exceptions = (
				286D1F762D50A95400DB3C76 /* Exceptions for "Interface" folder in "MelodicStamp" target */,
				286D1F6E2D50A93100DB3C76 /* Exceptions for "Interface" folder in "Interface" target */,
			);
			path = Interface;
			sourceTree = "<group>";
		};
		286D1F662D50A93100DB3C76 /* InterfaceTests */ = {
			isa = PBXFileSystemSynchronizedRootGroup;
			path = InterfaceTests;
			sourceTree = "<group>";
		};
		286D1FA02D50AC1B00DB3C76 /* Models */ = {
			isa = PBXFileSystemSynchronizedRootGroup;
			exceptions = (
				286D1FBD2D50AC2D00DB3C76 /* Exceptions for "Models" folder in "MelodicStamp" target */,
				286D1FB92D50AC1C00DB3C76 /* Exceptions for "Models" folder in "Models" target */,
			);
			path = Models;
			sourceTree = "<group>";
		};
		286D1FAE2D50AC1B00DB3C76 /* ModelsTests */ = {
			isa = PBXFileSystemSynchronizedRootGroup;
			path = ModelsTests;
			sourceTree = "<group>";
		};
		28BFA4D12CEE173A00448374 /* MelodicStamp */ = {
			isa = PBXFileSystemSynchronizedRootGroup;
			path = MelodicStamp;
			sourceTree = "<group>";
		};
/* End PBXFileSystemSynchronizedRootGroup section */

/* Begin PBXFrameworksBuildPhase section */
		286D1F2C2D50A75D00DB3C76 /* Frameworks */ = {
			isa = PBXFrameworksBuildPhase;
			buildActionMask = 2147483647;
			files = (
			);
			runOnlyForDeploymentPostprocessing = 0;
		};
		286D1F542D50A93100DB3C76 /* Frameworks */ = {
			isa = PBXFrameworksBuildPhase;
			buildActionMask = 2147483647;
			files = (
				286D1FBF2D50AC4E00DB3C76 /* Models.framework in Frameworks */,
			);
			runOnlyForDeploymentPostprocessing = 0;
		};
		286D1F5D2D50A93100DB3C76 /* Frameworks */ = {
			isa = PBXFrameworksBuildPhase;
			buildActionMask = 2147483647;
			files = (
				286D1F612D50A93100DB3C76 /* Interface.framework in Frameworks */,
			);
			runOnlyForDeploymentPostprocessing = 0;
		};
		286D1F9C2D50AC1B00DB3C76 /* Frameworks */ = {
			isa = PBXFrameworksBuildPhase;
			buildActionMask = 2147483647;
			files = (
			);
			runOnlyForDeploymentPostprocessing = 0;
		};
		286D1FA52D50AC1B00DB3C76 /* Frameworks */ = {
			isa = PBXFrameworksBuildPhase;
			buildActionMask = 2147483647;
			files = (
				286D1FA92D50AC1B00DB3C76 /* Models.framework in Frameworks */,
			);
			runOnlyForDeploymentPostprocessing = 0;
		};
		65F1D9FE2CECCEE900389E37 /* Frameworks */ = {
			isa = PBXFrameworksBuildPhase;
			buildActionMask = 2147483647;
			files = (
				65D940492D26671900F67AA6 /* MeshGradientCHeaders in Frameworks */,
				2872617E2D4BBC3000D501FB /* HeapModule in Frameworks */,
				2810E2452CFB169E006FF94A /* Morphed in Frameworks */,
				287260F52D4B2EDD00D501FB /* SwiftUIScrollOffset in Frameworks */,
				65F1DAB32CEDBED700389E37 /* SFSafeSymbols in Frameworks */,
				2845A9F72D08745900CD7517 /* SmartCache in Frameworks */,
				65D940472D26671900F67AA6 /* MeshGradient in Frameworks */,
				2872617C2D4BBC3000D501FB /* HashTreeCollections in Frameworks */,
				28797B9A2D10724C00FB4395 /* SwiftUIIntrospect in Frameworks */,
				287F978D2CF3160700C60307 /* Luminare in Frameworks */,
				65F1DA9D2CEDBD8700389E37 /* Defaults in Frameworks */,
				65F1DA8D2CED83F800389E37 /* FullDiskAccess in Frameworks */,
				286D1F6C2D50A93100DB3C76 /* Interface.framework in Frameworks */,
				287261782D4BBC3000D501FB /* Collections in Frameworks */,
				65DFF89D2CFC2A6F00285040 /* SwiftSoup in Frameworks */,
				287261762D4BBC3000D501FB /* BitCollections in Frameworks */,
				65EE5C9B2D1CEBD30026B8F1 /* DominantColors in Frameworks */,
				2872617A2D4BBC3000D501FB /* DequeModule in Frameworks */,
				65F1DA7D2CED77F100389E37 /* SFBAudioEngine in Frameworks */,
				65F1DA842CED788D00389E37 /* CAAudioHardware in Frameworks */,
				286D1FB42D50AC1B00DB3C76 /* Models.framework in Frameworks */,
			);
			runOnlyForDeploymentPostprocessing = 0;
		};
/* End PBXFrameworksBuildPhase section */

/* Begin PBXGroup section */
		286D1FBE2D50AC4E00DB3C76 /* Frameworks */ = {
			isa = PBXGroup;
			children = (
			);
			name = Frameworks;
			sourceTree = "<group>";
		};
		65F1D9F82CECCEE900389E37 = {
			isa = PBXGroup;
			children = (
				28BFA4D12CEE173A00448374 /* MelodicStamp */,
				286D1F302D50A75D00DB3C76 /* MelodicStampTests */,
				286D1F582D50A93100DB3C76 /* Interface */,
				286D1F662D50A93100DB3C76 /* InterfaceTests */,
				286D1FA02D50AC1B00DB3C76 /* Models */,
				286D1FAE2D50AC1B00DB3C76 /* ModelsTests */,
				286D1FBE2D50AC4E00DB3C76 /* Frameworks */,
				65F1DA022CECCEE900389E37 /* Products */,
			);
			sourceTree = "<group>";
		};
		65F1DA022CECCEE900389E37 /* Products */ = {
			isa = PBXGroup;
			children = (
				65F1DA012CECCEE900389E37 /* Melodic Stamp.app */,
				286D1F2F2D50A75D00DB3C76 /* MelodicStampTests.xctest */,
				286D1F572D50A93100DB3C76 /* Interface.framework */,
				286D1F602D50A93100DB3C76 /* InterfaceTests.xctest */,
				286D1F9F2D50AC1B00DB3C76 /* Models.framework */,
				286D1FA82D50AC1B00DB3C76 /* ModelsTests.xctest */,
			);
			name = Products;
			sourceTree = "<group>";
		};
/* End PBXGroup section */

/* Begin PBXHeadersBuildPhase section */
		286D1F522D50A93100DB3C76 /* Headers */ = {
			isa = PBXHeadersBuildPhase;
			buildActionMask = 2147483647;
			files = (
			);
			runOnlyForDeploymentPostprocessing = 0;
		};
		286D1F9A2D50AC1B00DB3C76 /* Headers */ = {
			isa = PBXHeadersBuildPhase;
			buildActionMask = 2147483647;
			files = (
			);
			runOnlyForDeploymentPostprocessing = 0;
		};
/* End PBXHeadersBuildPhase section */

/* Begin PBXNativeTarget section */
		286D1F2E2D50A75D00DB3C76 /* MelodicStampTests */ = {
			isa = PBXNativeTarget;
			buildConfigurationList = 286D1F352D50A75D00DB3C76 /* Build configuration list for PBXNativeTarget "MelodicStampTests" */;
			buildPhases = (
				286D1F2B2D50A75D00DB3C76 /* Sources */,
				286D1F2C2D50A75D00DB3C76 /* Frameworks */,
				286D1F2D2D50A75D00DB3C76 /* Resources */,
			);
			buildRules = (
			);
			dependencies = (
				286D1F342D50A75D00DB3C76 /* PBXTargetDependency */,
			);
			fileSystemSynchronizedGroups = (
				286D1F302D50A75D00DB3C76 /* MelodicStampTests */,
			);
			name = MelodicStampTests;
			packageProductDependencies = (
			);
			productName = MelodicStampTests;
			productReference = 286D1F2F2D50A75D00DB3C76 /* MelodicStampTests.xctest */;
			productType = "com.apple.product-type.bundle.unit-test";
		};
		286D1F562D50A93100DB3C76 /* Interface */ = {
			isa = PBXNativeTarget;
			buildConfigurationList = 286D1F6F2D50A93100DB3C76 /* Build configuration list for PBXNativeTarget "Interface" */;
			buildPhases = (
				286D1F522D50A93100DB3C76 /* Headers */,
				286D1F532D50A93100DB3C76 /* Sources */,
				286D1F542D50A93100DB3C76 /* Frameworks */,
				286D1F552D50A93100DB3C76 /* Resources */,
				286D1FC32D50AC4E00DB3C76 /* Embed Frameworks */,
			);
			buildRules = (
			);
			dependencies = (
				286D1FC22D50AC4E00DB3C76 /* PBXTargetDependency */,
			);
			fileSystemSynchronizedGroups = (
				286D1F582D50A93100DB3C76 /* Interface */,
			);
			name = Interface;
			packageProductDependencies = (
			);
			productName = Interface;
			productReference = 286D1F572D50A93100DB3C76 /* Interface.framework */;
			productType = "com.apple.product-type.framework";
		};
		286D1F5F2D50A93100DB3C76 /* InterfaceTests */ = {
			isa = PBXNativeTarget;
			buildConfigurationList = 286D1F732D50A93100DB3C76 /* Build configuration list for PBXNativeTarget "InterfaceTests" */;
			buildPhases = (
				286D1F5C2D50A93100DB3C76 /* Sources */,
				286D1F5D2D50A93100DB3C76 /* Frameworks */,
				286D1F5E2D50A93100DB3C76 /* Resources */,
			);
			buildRules = (
			);
			dependencies = (
				286D1F632D50A93100DB3C76 /* PBXTargetDependency */,
				286D1F652D50A93100DB3C76 /* PBXTargetDependency */,
			);
			fileSystemSynchronizedGroups = (
				286D1F662D50A93100DB3C76 /* InterfaceTests */,
			);
			name = InterfaceTests;
			packageProductDependencies = (
			);
			productName = InterfaceTests;
			productReference = 286D1F602D50A93100DB3C76 /* InterfaceTests.xctest */;
			productType = "com.apple.product-type.bundle.unit-test";
		};
		286D1F9E2D50AC1B00DB3C76 /* Models */ = {
			isa = PBXNativeTarget;
			buildConfigurationList = 286D1FB62D50AC1C00DB3C76 /* Build configuration list for PBXNativeTarget "Models" */;
			buildPhases = (
				286D1F9A2D50AC1B00DB3C76 /* Headers */,
				286D1F9B2D50AC1B00DB3C76 /* Sources */,
				286D1F9C2D50AC1B00DB3C76 /* Frameworks */,
				286D1F9D2D50AC1B00DB3C76 /* Resources */,
			);
			buildRules = (
			);
			dependencies = (
			);
			fileSystemSynchronizedGroups = (
				286D1FA02D50AC1B00DB3C76 /* Models */,
			);
			name = Models;
			packageProductDependencies = (
			);
			productName = Models;
			productReference = 286D1F9F2D50AC1B00DB3C76 /* Models.framework */;
			productType = "com.apple.product-type.framework";
		};
		286D1FA72D50AC1B00DB3C76 /* ModelsTests */ = {
			isa = PBXNativeTarget;
			buildConfigurationList = 286D1FBA2D50AC1C00DB3C76 /* Build configuration list for PBXNativeTarget "ModelsTests" */;
			buildPhases = (
				286D1FA42D50AC1B00DB3C76 /* Sources */,
				286D1FA52D50AC1B00DB3C76 /* Frameworks */,
				286D1FA62D50AC1B00DB3C76 /* Resources */,
			);
			buildRules = (
			);
			dependencies = (
				286D1FAB2D50AC1B00DB3C76 /* PBXTargetDependency */,
				286D1FAD2D50AC1B00DB3C76 /* PBXTargetDependency */,
			);
			fileSystemSynchronizedGroups = (
				286D1FAE2D50AC1B00DB3C76 /* ModelsTests */,
			);
			name = ModelsTests;
			packageProductDependencies = (
			);
			productName = ModelsTests;
			productReference = 286D1FA82D50AC1B00DB3C76 /* ModelsTests.xctest */;
			productType = "com.apple.product-type.bundle.unit-test";
		};
		65F1DA002CECCEE900389E37 /* MelodicStamp */ = {
			isa = PBXNativeTarget;
			buildConfigurationList = 65F1DA102CECCEEB00389E37 /* Build configuration list for PBXNativeTarget "MelodicStamp" */;
			buildPhases = (
				65F1D9FD2CECCEE900389E37 /* Sources */,
				65F1D9FE2CECCEE900389E37 /* Frameworks */,
				65F1D9FF2CECCEE900389E37 /* Resources */,
				286D1F512D50A8FB00DB3C76 /* Embed ExtensionKit Extensions */,
				286D1F722D50A93100DB3C76 /* Embed Frameworks */,
				289123322D54581E0092526E /* Embed PlugIns */,
			);
			buildRules = (
			);
			dependencies = (
				286D1F6B2D50A93100DB3C76 /* PBXTargetDependency */,
				286D1FB32D50AC1B00DB3C76 /* PBXTargetDependency */,
			);
			fileSystemSynchronizedGroups = (
				28BFA4D12CEE173A00448374 /* MelodicStamp */,
			);
			name = MelodicStamp;
			packageProductDependencies = (
				65F1DA7C2CED77F100389E37 /* SFBAudioEngine */,
				65F1DA832CED788D00389E37 /* CAAudioHardware */,
				65F1DA8C2CED83F800389E37 /* FullDiskAccess */,
				65F1DA9C2CEDBD8700389E37 /* Defaults */,
				65F1DAB22CEDBED700389E37 /* SFSafeSymbols */,
				287F978C2CF3160700C60307 /* Luminare */,
				2810E2442CFB169E006FF94A /* Morphed */,
				65DFF89C2CFC2A6F00285040 /* SwiftSoup */,
				2845A9F62D08745900CD7517 /* SmartCache */,
				28797B992D10724C00FB4395 /* SwiftUIIntrospect */,
				65EE5C9A2D1CEBD30026B8F1 /* DominantColors */,
				65D940462D26671900F67AA6 /* MeshGradient */,
				65D940482D26671900F67AA6 /* MeshGradientCHeaders */,
				287260F42D4B2EDD00D501FB /* SwiftUIScrollOffset */,
				287261752D4BBC3000D501FB /* BitCollections */,
				287261772D4BBC3000D501FB /* Collections */,
				287261792D4BBC3000D501FB /* DequeModule */,
				2872617B2D4BBC3000D501FB /* HashTreeCollections */,
				2872617D2D4BBC3000D501FB /* HeapModule */,
			);
			productName = MelodicStamp;
			productReference = 65F1DA012CECCEE900389E37 /* Melodic Stamp.app */;
			productType = "com.apple.product-type.application";
		};
/* End PBXNativeTarget section */

/* Begin PBXProject section */
		65F1D9F92CECCEE900389E37 /* Project object */ = {
			isa = PBXProject;
			attributes = {
				BuildIndependentTargetsInParallel = 1;
				LastSwiftUpdateCheck = 1620;
				LastUpgradeCheck = 1620;
				TargetAttributes = {
					286D1F2E2D50A75D00DB3C76 = {
						CreatedOnToolsVersion = 16.2;
						LastSwiftMigration = 1620;
						TestTargetID = 65F1DA002CECCEE900389E37;
					};
					286D1F562D50A93100DB3C76 = {
						CreatedOnToolsVersion = 16.2;
					};
					286D1F5F2D50A93100DB3C76 = {
						CreatedOnToolsVersion = 16.2;
						TestTargetID = 65F1DA002CECCEE900389E37;
					};
					286D1F9E2D50AC1B00DB3C76 = {
						CreatedOnToolsVersion = 16.2;
					};
					286D1FA72D50AC1B00DB3C76 = {
						CreatedOnToolsVersion = 16.2;
						TestTargetID = 65F1DA002CECCEE900389E37;
					};
					65F1DA002CECCEE900389E37 = {
						CreatedOnToolsVersion = 16.2;
					};
				};
			};
			buildConfigurationList = 65F1D9FC2CECCEE900389E37 /* Build configuration list for PBXProject "MelodicStamp" */;
			developmentRegion = en;
			hasScannedForEncodings = 0;
			knownRegions = (
				en,
				Base,
				"zh-Hans",
			);
			mainGroup = 65F1D9F82CECCEE900389E37;
			minimizedProjectReferenceProxies = 1;
			packageReferences = (
				65F1DA7B2CED77F100389E37 /* XCRemoteSwiftPackageReference "SFBAudioEngine" */,
				65F1DA822CED788D00389E37 /* XCRemoteSwiftPackageReference "CAAudioHardware" */,
				65F1DA8B2CED83F800389E37 /* XCRemoteSwiftPackageReference "FullDiskAccess" */,
				65F1DA9B2CEDBD8700389E37 /* XCRemoteSwiftPackageReference "Defaults" */,
				65F1DAB12CEDBED700389E37 /* XCRemoteSwiftPackageReference "SFSafeSymbols" */,
				287F978B2CF3160600C60307 /* XCRemoteSwiftPackageReference "Luminare" */,
				2810E2432CFB169E006FF94A /* XCRemoteSwiftPackageReference "Morphed" */,
				65DFF89B2CFC2A6F00285040 /* XCRemoteSwiftPackageReference "SwiftSoup" */,
				2845A9F52D08745900CD7517 /* XCRemoteSwiftPackageReference "smart-cache" */,
				28797B982D10724C00FB4395 /* XCRemoteSwiftPackageReference "swiftui-introspect" */,
				65EE5C992D1CEBD30026B8F1 /* XCRemoteSwiftPackageReference "DominantColors" */,
				65D940452D26671900F67AA6 /* XCRemoteSwiftPackageReference "MeshGradient" */,
				287260F32D4B2EDD00D501FB /* XCRemoteSwiftPackageReference "SwiftUIScrollOffset" */,
				287261742D4BBC3000D501FB /* XCRemoteSwiftPackageReference "swift-collections" */,
			);
			preferredProjectObjectVersion = 77;
			productRefGroup = 65F1DA022CECCEE900389E37 /* Products */;
			projectDirPath = "";
			projectRoot = "";
			targets = (
				65F1DA002CECCEE900389E37 /* MelodicStamp */,
				286D1F2E2D50A75D00DB3C76 /* MelodicStampTests */,
				286D1F562D50A93100DB3C76 /* Interface */,
				286D1F5F2D50A93100DB3C76 /* InterfaceTests */,
				286D1F9E2D50AC1B00DB3C76 /* Models */,
				286D1FA72D50AC1B00DB3C76 /* ModelsTests */,
			);
		};
/* End PBXProject section */

/* Begin PBXResourcesBuildPhase section */
		286D1F2D2D50A75D00DB3C76 /* Resources */ = {
			isa = PBXResourcesBuildPhase;
			buildActionMask = 2147483647;
			files = (
			);
			runOnlyForDeploymentPostprocessing = 0;
		};
		286D1F552D50A93100DB3C76 /* Resources */ = {
			isa = PBXResourcesBuildPhase;
			buildActionMask = 2147483647;
			files = (
			);
			runOnlyForDeploymentPostprocessing = 0;
		};
		286D1F5E2D50A93100DB3C76 /* Resources */ = {
			isa = PBXResourcesBuildPhase;
			buildActionMask = 2147483647;
			files = (
			);
			runOnlyForDeploymentPostprocessing = 0;
		};
		286D1F9D2D50AC1B00DB3C76 /* Resources */ = {
			isa = PBXResourcesBuildPhase;
			buildActionMask = 2147483647;
			files = (
			);
			runOnlyForDeploymentPostprocessing = 0;
		};
		286D1FA62D50AC1B00DB3C76 /* Resources */ = {
			isa = PBXResourcesBuildPhase;
			buildActionMask = 2147483647;
			files = (
			);
			runOnlyForDeploymentPostprocessing = 0;
		};
		65F1D9FF2CECCEE900389E37 /* Resources */ = {
			isa = PBXResourcesBuildPhase;
			buildActionMask = 2147483647;
			files = (
			);
			runOnlyForDeploymentPostprocessing = 0;
		};
/* End PBXResourcesBuildPhase section */

/* Begin PBXSourcesBuildPhase section */
		286D1F2B2D50A75D00DB3C76 /* Sources */ = {
			isa = PBXSourcesBuildPhase;
			buildActionMask = 2147483647;
			files = (
			);
			runOnlyForDeploymentPostprocessing = 0;
		};
		286D1F532D50A93100DB3C76 /* Sources */ = {
			isa = PBXSourcesBuildPhase;
			buildActionMask = 2147483647;
			files = (
			);
			runOnlyForDeploymentPostprocessing = 0;
		};
		286D1F5C2D50A93100DB3C76 /* Sources */ = {
			isa = PBXSourcesBuildPhase;
			buildActionMask = 2147483647;
			files = (
			);
			runOnlyForDeploymentPostprocessing = 0;
		};
		286D1F9B2D50AC1B00DB3C76 /* Sources */ = {
			isa = PBXSourcesBuildPhase;
			buildActionMask = 2147483647;
			files = (
			);
			runOnlyForDeploymentPostprocessing = 0;
		};
		286D1FA42D50AC1B00DB3C76 /* Sources */ = {
			isa = PBXSourcesBuildPhase;
			buildActionMask = 2147483647;
			files = (
			);
			runOnlyForDeploymentPostprocessing = 0;
		};
		65F1D9FD2CECCEE900389E37 /* Sources */ = {
			isa = PBXSourcesBuildPhase;
			buildActionMask = 2147483647;
			files = (
			);
			runOnlyForDeploymentPostprocessing = 0;
		};
/* End PBXSourcesBuildPhase section */

/* Begin PBXTargetDependency section */
		286D1F342D50A75D00DB3C76 /* PBXTargetDependency */ = {
			isa = PBXTargetDependency;
			target = 65F1DA002CECCEE900389E37 /* MelodicStamp */;
			targetProxy = 286D1F332D50A75D00DB3C76 /* PBXContainerItemProxy */;
		};
		286D1F632D50A93100DB3C76 /* PBXTargetDependency */ = {
			isa = PBXTargetDependency;
			target = 286D1F562D50A93100DB3C76 /* Interface */;
			targetProxy = 286D1F622D50A93100DB3C76 /* PBXContainerItemProxy */;
		};
		286D1F652D50A93100DB3C76 /* PBXTargetDependency */ = {
			isa = PBXTargetDependency;
			target = 65F1DA002CECCEE900389E37 /* MelodicStamp */;
			targetProxy = 286D1F642D50A93100DB3C76 /* PBXContainerItemProxy */;
		};
		286D1F6B2D50A93100DB3C76 /* PBXTargetDependency */ = {
			isa = PBXTargetDependency;
			target = 286D1F562D50A93100DB3C76 /* Interface */;
			targetProxy = 286D1F6A2D50A93100DB3C76 /* PBXContainerItemProxy */;
		};
		286D1FAB2D50AC1B00DB3C76 /* PBXTargetDependency */ = {
			isa = PBXTargetDependency;
			target = 286D1F9E2D50AC1B00DB3C76 /* Models */;
			targetProxy = 286D1FAA2D50AC1B00DB3C76 /* PBXContainerItemProxy */;
		};
		286D1FAD2D50AC1B00DB3C76 /* PBXTargetDependency */ = {
			isa = PBXTargetDependency;
			target = 65F1DA002CECCEE900389E37 /* MelodicStamp */;
			targetProxy = 286D1FAC2D50AC1B00DB3C76 /* PBXContainerItemProxy */;
		};
		286D1FB32D50AC1B00DB3C76 /* PBXTargetDependency */ = {
			isa = PBXTargetDependency;
			target = 286D1F9E2D50AC1B00DB3C76 /* Models */;
			targetProxy = 286D1FB22D50AC1B00DB3C76 /* PBXContainerItemProxy */;
		};
		286D1FC22D50AC4E00DB3C76 /* PBXTargetDependency */ = {
			isa = PBXTargetDependency;
			target = 286D1F9E2D50AC1B00DB3C76 /* Models */;
			targetProxy = 286D1FC12D50AC4E00DB3C76 /* PBXContainerItemProxy */;
		};
/* End PBXTargetDependency section */

/* Begin XCBuildConfiguration section */
		286D1F362D50A75D00DB3C76 /* Debug */ = {
			isa = XCBuildConfiguration;
			buildSettings = {
				BUNDLE_LOADER = "$(TEST_HOST)";
				CLANG_ENABLE_MODULES = YES;
				CODE_SIGN_STYLE = Automatic;
				CURRENT_PROJECT_VERSION = 1;
				DEVELOPMENT_TEAM = 7XRF3J9RS4;
				GENERATE_INFOPLIST_FILE = YES;
				MACOSX_DEPLOYMENT_TARGET = 15.2;
				MARKETING_VERSION = 1.0;
				PRODUCT_BUNDLE_IDENTIFIER = labs.cement.MelodicStampTests;
				PRODUCT_NAME = "$(TARGET_NAME)";
				SWIFT_EMIT_LOC_STRINGS = NO;
				SWIFT_OPTIMIZATION_LEVEL = "-Onone";
				SWIFT_VERSION = 5.0;
				TEST_HOST = "$(BUILT_PRODUCTS_DIR)/Melodic Stamp.app/$(BUNDLE_EXECUTABLE_FOLDER_PATH)/Melodic Stamp";
			};
			name = Debug;
		};
		286D1F372D50A75D00DB3C76 /* Release */ = {
			isa = XCBuildConfiguration;
			buildSettings = {
				BUNDLE_LOADER = "$(TEST_HOST)";
				CLANG_ENABLE_MODULES = YES;
				CODE_SIGN_STYLE = Automatic;
				CURRENT_PROJECT_VERSION = 1;
				DEVELOPMENT_TEAM = 7XRF3J9RS4;
				GENERATE_INFOPLIST_FILE = YES;
				MACOSX_DEPLOYMENT_TARGET = 15.2;
				MARKETING_VERSION = 1.0;
				PRODUCT_BUNDLE_IDENTIFIER = labs.cement.MelodicStampTests;
				PRODUCT_NAME = "$(TARGET_NAME)";
				SWIFT_EMIT_LOC_STRINGS = NO;
				SWIFT_VERSION = 5.0;
				TEST_HOST = "$(BUILT_PRODUCTS_DIR)/Melodic Stamp.app/$(BUNDLE_EXECUTABLE_FOLDER_PATH)/Melodic Stamp";
			};
			name = Release;
		};
		286D1F702D50A93100DB3C76 /* Debug */ = {
			isa = XCBuildConfiguration;
			buildSettings = {
				BUILD_LIBRARY_FOR_DISTRIBUTION = YES;
				CODE_SIGN_STYLE = Automatic;
				COMBINE_HIDPI_IMAGES = YES;
				CURRENT_PROJECT_VERSION = 1;
				DEFINES_MODULE = YES;
				DEVELOPMENT_TEAM = "";
				DYLIB_COMPATIBILITY_VERSION = 1;
				DYLIB_CURRENT_VERSION = 1;
				DYLIB_INSTALL_NAME_BASE = "@rpath";
				ENABLE_MODULE_VERIFIER = YES;
				GENERATE_INFOPLIST_FILE = YES;
				INFOPLIST_KEY_NSHumanReadableCopyright = "";
				INSTALL_PATH = "$(LOCAL_LIBRARY_DIR)/Frameworks";
				LD_RUNPATH_SEARCH_PATHS = (
					"$(inherited)",
					"@executable_path/../Frameworks",
					"@loader_path/Frameworks",
				);
				MACOSX_DEPLOYMENT_TARGET = 15.2;
				MARKETING_VERSION = 1.0;
				MODULE_VERIFIER_SUPPORTED_LANGUAGES = "objective-c objective-c++";
				MODULE_VERIFIER_SUPPORTED_LANGUAGE_STANDARDS = "gnu17 gnu++20";
				PRODUCT_BUNDLE_IDENTIFIER = labs.cement.MelodicStamp.Interface;
				PRODUCT_NAME = "$(TARGET_NAME:c99extidentifier)";
				SKIP_INSTALL = YES;
				SWIFT_EMIT_LOC_STRINGS = YES;
				SWIFT_INSTALL_OBJC_HEADER = NO;
				SWIFT_VERSION = 5.0;
				VERSIONING_SYSTEM = "apple-generic";
				VERSION_INFO_PREFIX = "";
			};
			name = Debug;
		};
		286D1F712D50A93100DB3C76 /* Release */ = {
			isa = XCBuildConfiguration;
			buildSettings = {
				BUILD_LIBRARY_FOR_DISTRIBUTION = YES;
				CODE_SIGN_STYLE = Automatic;
				COMBINE_HIDPI_IMAGES = YES;
				CURRENT_PROJECT_VERSION = 1;
				DEFINES_MODULE = YES;
				DEVELOPMENT_TEAM = "";
				DYLIB_COMPATIBILITY_VERSION = 1;
				DYLIB_CURRENT_VERSION = 1;
				DYLIB_INSTALL_NAME_BASE = "@rpath";
				ENABLE_MODULE_VERIFIER = YES;
				GENERATE_INFOPLIST_FILE = YES;
				INFOPLIST_KEY_NSHumanReadableCopyright = "";
				INSTALL_PATH = "$(LOCAL_LIBRARY_DIR)/Frameworks";
				LD_RUNPATH_SEARCH_PATHS = (
					"$(inherited)",
					"@executable_path/../Frameworks",
					"@loader_path/Frameworks",
				);
				MACOSX_DEPLOYMENT_TARGET = 15.2;
				MARKETING_VERSION = 1.0;
				MODULE_VERIFIER_SUPPORTED_LANGUAGES = "objective-c objective-c++";
				MODULE_VERIFIER_SUPPORTED_LANGUAGE_STANDARDS = "gnu17 gnu++20";
				PRODUCT_BUNDLE_IDENTIFIER = labs.cement.MelodicStamp.Interface;
				PRODUCT_NAME = "$(TARGET_NAME:c99extidentifier)";
				SKIP_INSTALL = YES;
				SWIFT_EMIT_LOC_STRINGS = YES;
				SWIFT_INSTALL_OBJC_HEADER = NO;
				SWIFT_VERSION = 5.0;
				VERSIONING_SYSTEM = "apple-generic";
				VERSION_INFO_PREFIX = "";
			};
			name = Release;
		};
		286D1F742D50A93100DB3C76 /* Debug */ = {
			isa = XCBuildConfiguration;
			buildSettings = {
				CODE_SIGN_STYLE = Automatic;
				CURRENT_PROJECT_VERSION = 1;
				DEVELOPMENT_TEAM = 7XRF3J9RS4;
				GENERATE_INFOPLIST_FILE = YES;
				MACOSX_DEPLOYMENT_TARGET = 15.2;
				MARKETING_VERSION = 1.0;
				PRODUCT_BUNDLE_IDENTIFIER = labs.cement.MelodicStamp.InterfaceTests;
				PRODUCT_NAME = "$(TARGET_NAME)";
				SWIFT_EMIT_LOC_STRINGS = NO;
				SWIFT_VERSION = 5.0;
				TEST_HOST = "$(BUILT_PRODUCTS_DIR)/Melodic Stamp.app/$(BUNDLE_EXECUTABLE_FOLDER_PATH)/Melodic Stamp";
			};
			name = Debug;
		};
		286D1F752D50A93100DB3C76 /* Release */ = {
			isa = XCBuildConfiguration;
			buildSettings = {
				CODE_SIGN_STYLE = Automatic;
				CURRENT_PROJECT_VERSION = 1;
				DEVELOPMENT_TEAM = 7XRF3J9RS4;
				GENERATE_INFOPLIST_FILE = YES;
				MACOSX_DEPLOYMENT_TARGET = 15.2;
				MARKETING_VERSION = 1.0;
				PRODUCT_BUNDLE_IDENTIFIER = labs.cement.MelodicStamp.InterfaceTests;
				PRODUCT_NAME = "$(TARGET_NAME)";
				SWIFT_EMIT_LOC_STRINGS = NO;
				SWIFT_VERSION = 5.0;
				TEST_HOST = "$(BUILT_PRODUCTS_DIR)/Melodic Stamp.app/$(BUNDLE_EXECUTABLE_FOLDER_PATH)/Melodic Stamp";
			};
			name = Release;
		};
		286D1FB72D50AC1C00DB3C76 /* Debug */ = {
			isa = XCBuildConfiguration;
			buildSettings = {
				BUILD_LIBRARY_FOR_DISTRIBUTION = YES;
				CODE_SIGN_STYLE = Automatic;
				COMBINE_HIDPI_IMAGES = YES;
				CURRENT_PROJECT_VERSION = 1;
				DEFINES_MODULE = YES;
				DEVELOPMENT_TEAM = "";
				DYLIB_COMPATIBILITY_VERSION = 1;
				DYLIB_CURRENT_VERSION = 1;
				DYLIB_INSTALL_NAME_BASE = "@rpath";
				ENABLE_MODULE_VERIFIER = YES;
				GENERATE_INFOPLIST_FILE = YES;
				INFOPLIST_KEY_NSHumanReadableCopyright = "";
				INSTALL_PATH = "$(LOCAL_LIBRARY_DIR)/Frameworks";
				LD_RUNPATH_SEARCH_PATHS = (
					"$(inherited)",
					"@executable_path/../Frameworks",
					"@loader_path/Frameworks",
				);
				MACOSX_DEPLOYMENT_TARGET = 15.2;
				MARKETING_VERSION = 1.0;
				MODULE_VERIFIER_SUPPORTED_LANGUAGES = "objective-c objective-c++";
				MODULE_VERIFIER_SUPPORTED_LANGUAGE_STANDARDS = "gnu17 gnu++20";
				PRODUCT_BUNDLE_IDENTIFIER = labs.cement.MelodicStamp.Models;
				PRODUCT_NAME = "$(TARGET_NAME:c99extidentifier)";
				SKIP_INSTALL = YES;
				SWIFT_EMIT_LOC_STRINGS = YES;
				SWIFT_INSTALL_OBJC_HEADER = NO;
				SWIFT_VERSION = 5.0;
				VERSIONING_SYSTEM = "apple-generic";
				VERSION_INFO_PREFIX = "";
			};
			name = Debug;
		};
		286D1FB82D50AC1C00DB3C76 /* Release */ = {
			isa = XCBuildConfiguration;
			buildSettings = {
				BUILD_LIBRARY_FOR_DISTRIBUTION = YES;
				CODE_SIGN_STYLE = Automatic;
				COMBINE_HIDPI_IMAGES = YES;
				CURRENT_PROJECT_VERSION = 1;
				DEFINES_MODULE = YES;
				DEVELOPMENT_TEAM = "";
				DYLIB_COMPATIBILITY_VERSION = 1;
				DYLIB_CURRENT_VERSION = 1;
				DYLIB_INSTALL_NAME_BASE = "@rpath";
				ENABLE_MODULE_VERIFIER = YES;
				GENERATE_INFOPLIST_FILE = YES;
				INFOPLIST_KEY_NSHumanReadableCopyright = "";
				INSTALL_PATH = "$(LOCAL_LIBRARY_DIR)/Frameworks";
				LD_RUNPATH_SEARCH_PATHS = (
					"$(inherited)",
					"@executable_path/../Frameworks",
					"@loader_path/Frameworks",
				);
				MACOSX_DEPLOYMENT_TARGET = 15.2;
				MARKETING_VERSION = 1.0;
				MODULE_VERIFIER_SUPPORTED_LANGUAGES = "objective-c objective-c++";
				MODULE_VERIFIER_SUPPORTED_LANGUAGE_STANDARDS = "gnu17 gnu++20";
				PRODUCT_BUNDLE_IDENTIFIER = labs.cement.MelodicStamp.Models;
				PRODUCT_NAME = "$(TARGET_NAME:c99extidentifier)";
				SKIP_INSTALL = YES;
				SWIFT_EMIT_LOC_STRINGS = YES;
				SWIFT_INSTALL_OBJC_HEADER = NO;
				SWIFT_VERSION = 5.0;
				VERSIONING_SYSTEM = "apple-generic";
				VERSION_INFO_PREFIX = "";
			};
			name = Release;
		};
		286D1FBB2D50AC1C00DB3C76 /* Debug */ = {
			isa = XCBuildConfiguration;
			buildSettings = {
				CODE_SIGN_STYLE = Automatic;
				CURRENT_PROJECT_VERSION = 1;
				DEVELOPMENT_TEAM = 7XRF3J9RS4;
				GENERATE_INFOPLIST_FILE = YES;
				MACOSX_DEPLOYMENT_TARGET = 15.2;
				MARKETING_VERSION = 1.0;
				PRODUCT_BUNDLE_IDENTIFIER = labs.cement.MelodicStamp.ModelsTests;
				PRODUCT_NAME = "$(TARGET_NAME)";
				SWIFT_EMIT_LOC_STRINGS = NO;
				SWIFT_VERSION = 5.0;
				TEST_HOST = "$(BUILT_PRODUCTS_DIR)/Melodic Stamp.app/$(BUNDLE_EXECUTABLE_FOLDER_PATH)/Melodic Stamp";
			};
			name = Debug;
		};
		286D1FBC2D50AC1C00DB3C76 /* Release */ = {
			isa = XCBuildConfiguration;
			buildSettings = {
				CODE_SIGN_STYLE = Automatic;
				CURRENT_PROJECT_VERSION = 1;
				DEVELOPMENT_TEAM = 7XRF3J9RS4;
				GENERATE_INFOPLIST_FILE = YES;
				MACOSX_DEPLOYMENT_TARGET = 15.2;
				MARKETING_VERSION = 1.0;
				PRODUCT_BUNDLE_IDENTIFIER = labs.cement.MelodicStamp.ModelsTests;
				PRODUCT_NAME = "$(TARGET_NAME)";
				SWIFT_EMIT_LOC_STRINGS = NO;
				SWIFT_VERSION = 5.0;
				TEST_HOST = "$(BUILT_PRODUCTS_DIR)/Melodic Stamp.app/$(BUNDLE_EXECUTABLE_FOLDER_PATH)/Melodic Stamp";
			};
			name = Release;
		};
		65F1DA0E2CECCEEB00389E37 /* Debug */ = {
			isa = XCBuildConfiguration;
			buildSettings = {
				ALWAYS_SEARCH_USER_PATHS = NO;
				ASSETCATALOG_COMPILER_GENERATE_SWIFT_ASSET_SYMBOL_EXTENSIONS = YES;
				CLANG_ANALYZER_LOCALIZABILITY_NONLOCALIZED = YES;
				CLANG_ANALYZER_NONNULL = YES;
				CLANG_ANALYZER_NUMBER_OBJECT_CONVERSION = YES_AGGRESSIVE;
				CLANG_CXX_LANGUAGE_STANDARD = "gnu++20";
				CLANG_ENABLE_MODULES = YES;
				CLANG_ENABLE_OBJC_ARC = YES;
				CLANG_ENABLE_OBJC_WEAK = YES;
				CLANG_WARN_BLOCK_CAPTURE_AUTORELEASING = YES;
				CLANG_WARN_BOOL_CONVERSION = YES;
				CLANG_WARN_COMMA = YES;
				CLANG_WARN_CONSTANT_CONVERSION = YES;
				CLANG_WARN_DEPRECATED_OBJC_IMPLEMENTATIONS = YES;
				CLANG_WARN_DIRECT_OBJC_ISA_USAGE = YES_ERROR;
				CLANG_WARN_DOCUMENTATION_COMMENTS = YES;
				CLANG_WARN_EMPTY_BODY = YES;
				CLANG_WARN_ENUM_CONVERSION = YES;
				CLANG_WARN_INFINITE_RECURSION = YES;
				CLANG_WARN_INT_CONVERSION = YES;
				CLANG_WARN_NON_LITERAL_NULL_CONVERSION = YES;
				CLANG_WARN_OBJC_IMPLICIT_RETAIN_SELF = YES;
				CLANG_WARN_OBJC_LITERAL_CONVERSION = YES;
				CLANG_WARN_OBJC_ROOT_CLASS = YES_ERROR;
				CLANG_WARN_QUOTED_INCLUDE_IN_FRAMEWORK_HEADER = YES;
				CLANG_WARN_RANGE_LOOP_ANALYSIS = YES;
				CLANG_WARN_STRICT_PROTOTYPES = YES;
				CLANG_WARN_SUSPICIOUS_MOVE = YES;
				CLANG_WARN_UNGUARDED_AVAILABILITY = YES_AGGRESSIVE;
				CLANG_WARN_UNREACHABLE_CODE = YES;
				CLANG_WARN__DUPLICATE_METHOD_MATCH = YES;
				COPY_PHASE_STRIP = NO;
				DEAD_CODE_STRIPPING = YES;
				DEBUG_INFORMATION_FORMAT = dwarf;
				ENABLE_STRICT_OBJC_MSGSEND = YES;
				ENABLE_TESTABILITY = YES;
				ENABLE_USER_SCRIPT_SANDBOXING = YES;
				GCC_C_LANGUAGE_STANDARD = gnu17;
				GCC_DYNAMIC_NO_PIC = NO;
				GCC_NO_COMMON_BLOCKS = YES;
				GCC_OPTIMIZATION_LEVEL = 0;
				GCC_PREPROCESSOR_DEFINITIONS = (
					"DEBUG=1",
					"$(inherited)",
				);
				GCC_WARN_64_TO_32_BIT_CONVERSION = YES;
				GCC_WARN_ABOUT_RETURN_TYPE = YES_ERROR;
				GCC_WARN_UNDECLARED_SELECTOR = YES;
				GCC_WARN_UNINITIALIZED_AUTOS = YES_AGGRESSIVE;
				GCC_WARN_UNUSED_FUNCTION = YES;
				GCC_WARN_UNUSED_VARIABLE = YES;
				LOCALIZATION_PREFERS_STRING_CATALOGS = YES;
				MACOSX_DEPLOYMENT_TARGET = 15.0;
				MTL_ENABLE_DEBUG_INFO = INCLUDE_SOURCE;
				MTL_FAST_MATH = YES;
				ONLY_ACTIVE_ARCH = YES;
				SDKROOT = macosx;
				SWIFT_ACTIVE_COMPILATION_CONDITIONS = "DEBUG $(inherited)";
				SWIFT_EMIT_LOC_STRINGS = YES;
				SWIFT_OPTIMIZATION_LEVEL = "-Onone";
			};
			name = Debug;
		};
		65F1DA0F2CECCEEB00389E37 /* Release */ = {
			isa = XCBuildConfiguration;
			buildSettings = {
				ALWAYS_SEARCH_USER_PATHS = NO;
				ASSETCATALOG_COMPILER_GENERATE_SWIFT_ASSET_SYMBOL_EXTENSIONS = YES;
				CLANG_ANALYZER_LOCALIZABILITY_NONLOCALIZED = YES;
				CLANG_ANALYZER_NONNULL = YES;
				CLANG_ANALYZER_NUMBER_OBJECT_CONVERSION = YES_AGGRESSIVE;
				CLANG_CXX_LANGUAGE_STANDARD = "gnu++20";
				CLANG_ENABLE_MODULES = YES;
				CLANG_ENABLE_OBJC_ARC = YES;
				CLANG_ENABLE_OBJC_WEAK = YES;
				CLANG_WARN_BLOCK_CAPTURE_AUTORELEASING = YES;
				CLANG_WARN_BOOL_CONVERSION = YES;
				CLANG_WARN_COMMA = YES;
				CLANG_WARN_CONSTANT_CONVERSION = YES;
				CLANG_WARN_DEPRECATED_OBJC_IMPLEMENTATIONS = YES;
				CLANG_WARN_DIRECT_OBJC_ISA_USAGE = YES_ERROR;
				CLANG_WARN_DOCUMENTATION_COMMENTS = YES;
				CLANG_WARN_EMPTY_BODY = YES;
				CLANG_WARN_ENUM_CONVERSION = YES;
				CLANG_WARN_INFINITE_RECURSION = YES;
				CLANG_WARN_INT_CONVERSION = YES;
				CLANG_WARN_NON_LITERAL_NULL_CONVERSION = YES;
				CLANG_WARN_OBJC_IMPLICIT_RETAIN_SELF = YES;
				CLANG_WARN_OBJC_LITERAL_CONVERSION = YES;
				CLANG_WARN_OBJC_ROOT_CLASS = YES_ERROR;
				CLANG_WARN_QUOTED_INCLUDE_IN_FRAMEWORK_HEADER = YES;
				CLANG_WARN_RANGE_LOOP_ANALYSIS = YES;
				CLANG_WARN_STRICT_PROTOTYPES = YES;
				CLANG_WARN_SUSPICIOUS_MOVE = YES;
				CLANG_WARN_UNGUARDED_AVAILABILITY = YES_AGGRESSIVE;
				CLANG_WARN_UNREACHABLE_CODE = YES;
				CLANG_WARN__DUPLICATE_METHOD_MATCH = YES;
				COPY_PHASE_STRIP = NO;
				DEAD_CODE_STRIPPING = YES;
				DEBUG_INFORMATION_FORMAT = "dwarf-with-dsym";
				ENABLE_NS_ASSERTIONS = NO;
				ENABLE_STRICT_OBJC_MSGSEND = YES;
				ENABLE_USER_SCRIPT_SANDBOXING = YES;
				GCC_C_LANGUAGE_STANDARD = gnu17;
				GCC_NO_COMMON_BLOCKS = YES;
				GCC_WARN_64_TO_32_BIT_CONVERSION = YES;
				GCC_WARN_ABOUT_RETURN_TYPE = YES_ERROR;
				GCC_WARN_UNDECLARED_SELECTOR = YES;
				GCC_WARN_UNINITIALIZED_AUTOS = YES_AGGRESSIVE;
				GCC_WARN_UNUSED_FUNCTION = YES;
				GCC_WARN_UNUSED_VARIABLE = YES;
				LOCALIZATION_PREFERS_STRING_CATALOGS = YES;
				MACOSX_DEPLOYMENT_TARGET = 15.0;
				MTL_ENABLE_DEBUG_INFO = NO;
				MTL_FAST_MATH = YES;
				SDKROOT = macosx;
				SWIFT_COMPILATION_MODE = wholemodule;
				SWIFT_EMIT_LOC_STRINGS = YES;
			};
			name = Release;
		};
		65F1DA112CECCEEB00389E37 /* Debug */ = {
			isa = XCBuildConfiguration;
			buildSettings = {
				ASSETCATALOG_COMPILER_APPICON_NAME = AppIcon;
				ASSETCATALOG_COMPILER_GLOBAL_ACCENT_COLOR_NAME = AccentColor;
				ASSETCATALOG_COMPILER_INCLUDE_ALL_APPICON_ASSETS = YES;
				CODE_SIGN_ENTITLEMENTS = MelodicStamp/MelodicStamp.entitlements;
				"CODE_SIGN_IDENTITY[sdk=macosx*]" = "-";
				CODE_SIGN_STYLE = Automatic;
				COMBINE_HIDPI_IMAGES = YES;
				CURRENT_PROJECT_VERSION = 20250206;
				DEAD_CODE_STRIPPING = YES;
				DEVELOPMENT_ASSET_PATHS = "\"MelodicStamp/Preview Content\"";
				DEVELOPMENT_TEAM = "";
				ENABLE_PREVIEWS = YES;
				GENERATE_INFOPLIST_FILE = YES;
				INFOPLIST_FILE = MelodicStampInfo.plist;
				INFOPLIST_KEY_CFBundleDisplayName = "Melodic Stamp";
				INFOPLIST_KEY_LSApplicationCategoryType = "public.app-category.music";
				INFOPLIST_KEY_NSHumanReadableCopyright = "© 2024→Future Cement Labs";
				LD_RUNPATH_SEARCH_PATHS = (
					"$(inherited)",
					"@executable_path/../Frameworks",
				);
				MARKETING_VERSION = 0.0.1;
				PRODUCT_BUNDLE_IDENTIFIER = labs.cement.MelodicStamp;
				PRODUCT_MODULE_NAME = MelodicStamp;
				PRODUCT_NAME = "Melodic Stamp";
				SWIFT_EMIT_LOC_STRINGS = YES;
				SWIFT_VERSION = 5.0;
			};
			name = Debug;
		};
		65F1DA122CECCEEB00389E37 /* Release */ = {
			isa = XCBuildConfiguration;
			buildSettings = {
				ASSETCATALOG_COMPILER_APPICON_NAME = AppIcon;
				ASSETCATALOG_COMPILER_GLOBAL_ACCENT_COLOR_NAME = AccentColor;
				ASSETCATALOG_COMPILER_INCLUDE_ALL_APPICON_ASSETS = YES;
				CODE_SIGN_ENTITLEMENTS = MelodicStamp/MelodicStamp.entitlements;
				CODE_SIGN_STYLE = Automatic;
				COMBINE_HIDPI_IMAGES = YES;
				CURRENT_PROJECT_VERSION = 20250206;
				DEAD_CODE_STRIPPING = YES;
				DEVELOPMENT_ASSET_PATHS = "\"MelodicStamp/Preview Content\"";
				DEVELOPMENT_TEAM = "";
				ENABLE_PREVIEWS = YES;
				GENERATE_INFOPLIST_FILE = YES;
				INFOPLIST_FILE = MelodicStampInfo.plist;
				INFOPLIST_KEY_CFBundleDisplayName = "Melodic Stamp";
				INFOPLIST_KEY_LSApplicationCategoryType = "public.app-category.music";
				INFOPLIST_KEY_NSHumanReadableCopyright = "© 2024→Future Cement Labs";
				LD_RUNPATH_SEARCH_PATHS = (
					"$(inherited)",
					"@executable_path/../Frameworks",
				);
				MARKETING_VERSION = 0.0.1;
				PRODUCT_BUNDLE_IDENTIFIER = labs.cement.MelodicStamp;
				PRODUCT_MODULE_NAME = MelodicStamp;
				PRODUCT_NAME = "Melodic Stamp";
				SWIFT_EMIT_LOC_STRINGS = YES;
				SWIFT_VERSION = 5.0;
			};
			name = Release;
		};
/* End XCBuildConfiguration section */

/* Begin XCConfigurationList section */
		286D1F352D50A75D00DB3C76 /* Build configuration list for PBXNativeTarget "MelodicStampTests" */ = {
			isa = XCConfigurationList;
			buildConfigurations = (
				286D1F362D50A75D00DB3C76 /* Debug */,
				286D1F372D50A75D00DB3C76 /* Release */,
			);
			defaultConfigurationIsVisible = 0;
			defaultConfigurationName = Release;
		};
		286D1F6F2D50A93100DB3C76 /* Build configuration list for PBXNativeTarget "Interface" */ = {
			isa = XCConfigurationList;
			buildConfigurations = (
				286D1F702D50A93100DB3C76 /* Debug */,
				286D1F712D50A93100DB3C76 /* Release */,
			);
			defaultConfigurationIsVisible = 0;
			defaultConfigurationName = Release;
		};
		286D1F732D50A93100DB3C76 /* Build configuration list for PBXNativeTarget "InterfaceTests" */ = {
			isa = XCConfigurationList;
			buildConfigurations = (
				286D1F742D50A93100DB3C76 /* Debug */,
				286D1F752D50A93100DB3C76 /* Release */,
			);
			defaultConfigurationIsVisible = 0;
			defaultConfigurationName = Release;
		};
		286D1FB62D50AC1C00DB3C76 /* Build configuration list for PBXNativeTarget "Models" */ = {
			isa = XCConfigurationList;
			buildConfigurations = (
				286D1FB72D50AC1C00DB3C76 /* Debug */,
				286D1FB82D50AC1C00DB3C76 /* Release */,
			);
			defaultConfigurationIsVisible = 0;
			defaultConfigurationName = Release;
		};
		286D1FBA2D50AC1C00DB3C76 /* Build configuration list for PBXNativeTarget "ModelsTests" */ = {
			isa = XCConfigurationList;
			buildConfigurations = (
				286D1FBB2D50AC1C00DB3C76 /* Debug */,
				286D1FBC2D50AC1C00DB3C76 /* Release */,
			);
			defaultConfigurationIsVisible = 0;
			defaultConfigurationName = Release;
		};
		65F1D9FC2CECCEE900389E37 /* Build configuration list for PBXProject "MelodicStamp" */ = {
			isa = XCConfigurationList;
			buildConfigurations = (
				65F1DA0E2CECCEEB00389E37 /* Debug */,
				65F1DA0F2CECCEEB00389E37 /* Release */,
			);
			defaultConfigurationIsVisible = 0;
			defaultConfigurationName = Release;
		};
		65F1DA102CECCEEB00389E37 /* Build configuration list for PBXNativeTarget "MelodicStamp" */ = {
			isa = XCConfigurationList;
			buildConfigurations = (
				65F1DA112CECCEEB00389E37 /* Debug */,
				65F1DA122CECCEEB00389E37 /* Release */,
			);
			defaultConfigurationIsVisible = 0;
			defaultConfigurationName = Release;
		};
/* End XCConfigurationList section */

/* Begin XCRemoteSwiftPackageReference section */
		2810E2432CFB169E006FF94A /* XCRemoteSwiftPackageReference "Morphed" */ = {
			isa = XCRemoteSwiftPackageReference;
			repositoryURL = "https://github.com/Cement-Labs/Morphed";
			requirement = {
				branch = main;
				kind = branch;
			};
		};
		2845A9F52D08745900CD7517 /* XCRemoteSwiftPackageReference "smart-cache" */ = {
			isa = XCRemoteSwiftPackageReference;
			repositoryURL = "https://github.com/nightwill/smart-cache";
			requirement = {
				kind = upToNextMajorVersion;
				minimumVersion = 1.0.0;
			};
		};
		287260F32D4B2EDD00D501FB /* XCRemoteSwiftPackageReference "SwiftUIScrollOffset" */ = {
			isa = XCRemoteSwiftPackageReference;
			repositoryURL = "https://github.com/ciaranrobrien/SwiftUIScrollOffset";
			requirement = {
				branch = main;
				kind = branch;
			};
		};
		287261742D4BBC3000D501FB /* XCRemoteSwiftPackageReference "swift-collections" */ = {
			isa = XCRemoteSwiftPackageReference;
			repositoryURL = "https://github.com/apple/swift-collections.git";
			requirement = {
				kind = upToNextMajorVersion;
				minimumVersion = 1.1.4;
			};
		};
		28797B982D10724C00FB4395 /* XCRemoteSwiftPackageReference "swiftui-introspect" */ = {
			isa = XCRemoteSwiftPackageReference;
			repositoryURL = "https://github.com/siteline/swiftui-introspect";
			requirement = {
				kind = upToNextMajorVersion;
				minimumVersion = 1.3.0;
			};
		};
		287F978B2CF3160600C60307 /* XCRemoteSwiftPackageReference "Luminare" */ = {
			isa = XCRemoteSwiftPackageReference;
			repositoryURL = "https://github.com/Cement-Labs/Luminare";
			requirement = {
				branch = main;
				kind = branch;
			};
		};
		65D940452D26671900F67AA6 /* XCRemoteSwiftPackageReference "MeshGradient" */ = {
			isa = XCRemoteSwiftPackageReference;
			repositoryURL = "https://github.com/Xinshao-air/MeshGradient.git";
			requirement = {
				branch = main;
				kind = branch;
			};
		};
		65DFF89B2CFC2A6F00285040 /* XCRemoteSwiftPackageReference "SwiftSoup" */ = {
			isa = XCRemoteSwiftPackageReference;
			repositoryURL = "https://github.com/scinfu/SwiftSoup";
			requirement = {
				kind = upToNextMajorVersion;
				minimumVersion = 2.7.6;
			};
		};
		65EE5C992D1CEBD30026B8F1 /* XCRemoteSwiftPackageReference "DominantColors" */ = {
			isa = XCRemoteSwiftPackageReference;
			repositoryURL = "https://github.com/DenDmitriev/DominantColors";
			requirement = {
				kind = upToNextMajorVersion;
				minimumVersion = 1.2.1;
			};
		};
		65F1DA7B2CED77F100389E37 /* XCRemoteSwiftPackageReference "SFBAudioEngine" */ = {
			isa = XCRemoteSwiftPackageReference;
			repositoryURL = "https://github.com/sbooth/SFBAudioEngine";
			requirement = {
				kind = upToNextMajorVersion;
				minimumVersion = 0.4.0;
			};
		};
		65F1DA822CED788D00389E37 /* XCRemoteSwiftPackageReference "CAAudioHardware" */ = {
			isa = XCRemoteSwiftPackageReference;
			repositoryURL = "https://github.com/sbooth/CAAudioHardware";
			requirement = {
				kind = upToNextMajorVersion;
				minimumVersion = 0.5.0;
			};
		};
		65F1DA8B2CED83F800389E37 /* XCRemoteSwiftPackageReference "FullDiskAccess" */ = {
			isa = XCRemoteSwiftPackageReference;
			repositoryURL = "https://github.com/inket/FullDiskAccess";
			requirement = {
				kind = upToNextMajorVersion;
				minimumVersion = 1.0.0;
			};
		};
		65F1DA9B2CEDBD8700389E37 /* XCRemoteSwiftPackageReference "Defaults" */ = {
			isa = XCRemoteSwiftPackageReference;
			repositoryURL = "https://github.com/sindresorhus/Defaults";
			requirement = {
				branch = main;
				kind = branch;
			};
		};
		65F1DAB12CEDBED700389E37 /* XCRemoteSwiftPackageReference "SFSafeSymbols" */ = {
			isa = XCRemoteSwiftPackageReference;
			repositoryURL = "https://github.com/SFSafeSymbols/SFSafeSymbols";
			requirement = {
				kind = upToNextMajorVersion;
				minimumVersion = 5.3.0;
			};
		};
/* End XCRemoteSwiftPackageReference section */

/* Begin XCSwiftPackageProductDependency section */
		2810E2442CFB169E006FF94A /* Morphed */ = {
			isa = XCSwiftPackageProductDependency;
			package = 2810E2432CFB169E006FF94A /* XCRemoteSwiftPackageReference "Morphed" */;
			productName = Morphed;
		};
		2845A9F62D08745900CD7517 /* SmartCache */ = {
			isa = XCSwiftPackageProductDependency;
			package = 2845A9F52D08745900CD7517 /* XCRemoteSwiftPackageReference "smart-cache" */;
			productName = SmartCache;
		};
		287260F42D4B2EDD00D501FB /* SwiftUIScrollOffset */ = {
			isa = XCSwiftPackageProductDependency;
			package = 287260F32D4B2EDD00D501FB /* XCRemoteSwiftPackageReference "SwiftUIScrollOffset" */;
			productName = SwiftUIScrollOffset;
		};
		287261752D4BBC3000D501FB /* BitCollections */ = {
			isa = XCSwiftPackageProductDependency;
			package = 287261742D4BBC3000D501FB /* XCRemoteSwiftPackageReference "swift-collections" */;
			productName = BitCollections;
		};
		287261772D4BBC3000D501FB /* Collections */ = {
			isa = XCSwiftPackageProductDependency;
			package = 287261742D4BBC3000D501FB /* XCRemoteSwiftPackageReference "swift-collections" */;
			productName = Collections;
		};
		287261792D4BBC3000D501FB /* DequeModule */ = {
			isa = XCSwiftPackageProductDependency;
			package = 287261742D4BBC3000D501FB /* XCRemoteSwiftPackageReference "swift-collections" */;
			productName = DequeModule;
		};
		2872617B2D4BBC3000D501FB /* HashTreeCollections */ = {
			isa = XCSwiftPackageProductDependency;
			package = 287261742D4BBC3000D501FB /* XCRemoteSwiftPackageReference "swift-collections" */;
			productName = HashTreeCollections;
		};
		2872617D2D4BBC3000D501FB /* HeapModule */ = {
			isa = XCSwiftPackageProductDependency;
			package = 287261742D4BBC3000D501FB /* XCRemoteSwiftPackageReference "swift-collections" */;
			productName = HeapModule;
		};
		28797B992D10724C00FB4395 /* SwiftUIIntrospect */ = {
			isa = XCSwiftPackageProductDependency;
			package = 28797B982D10724C00FB4395 /* XCRemoteSwiftPackageReference "swiftui-introspect" */;
			productName = SwiftUIIntrospect;
		};
		287F978C2CF3160700C60307 /* Luminare */ = {
			isa = XCSwiftPackageProductDependency;
			package = 287F978B2CF3160600C60307 /* XCRemoteSwiftPackageReference "Luminare" */;
			productName = Luminare;
		};
		65D940462D26671900F67AA6 /* MeshGradient */ = {
			isa = XCSwiftPackageProductDependency;
			package = 65D940452D26671900F67AA6 /* XCRemoteSwiftPackageReference "MeshGradient" */;
			productName = MeshGradient;
		};
		65D940482D26671900F67AA6 /* MeshGradientCHeaders */ = {
			isa = XCSwiftPackageProductDependency;
			package = 65D940452D26671900F67AA6 /* XCRemoteSwiftPackageReference "MeshGradient" */;
			productName = MeshGradientCHeaders;
		};
		65DFF89C2CFC2A6F00285040 /* SwiftSoup */ = {
			isa = XCSwiftPackageProductDependency;
			package = 65DFF89B2CFC2A6F00285040 /* XCRemoteSwiftPackageReference "SwiftSoup" */;
			productName = SwiftSoup;
		};
		65EE5C9A2D1CEBD30026B8F1 /* DominantColors */ = {
			isa = XCSwiftPackageProductDependency;
			package = 65EE5C992D1CEBD30026B8F1 /* XCRemoteSwiftPackageReference "DominantColors" */;
			productName = DominantColors;
		};
		65F1DA7C2CED77F100389E37 /* SFBAudioEngine */ = {
			isa = XCSwiftPackageProductDependency;
			package = 65F1DA7B2CED77F100389E37 /* XCRemoteSwiftPackageReference "SFBAudioEngine" */;
			productName = SFBAudioEngine;
		};
		65F1DA832CED788D00389E37 /* CAAudioHardware */ = {
			isa = XCSwiftPackageProductDependency;
			package = 65F1DA822CED788D00389E37 /* XCRemoteSwiftPackageReference "CAAudioHardware" */;
			productName = CAAudioHardware;
		};
		65F1DA8C2CED83F800389E37 /* FullDiskAccess */ = {
			isa = XCSwiftPackageProductDependency;
			package = 65F1DA8B2CED83F800389E37 /* XCRemoteSwiftPackageReference "FullDiskAccess" */;
			productName = FullDiskAccess;
		};
		65F1DA9C2CEDBD8700389E37 /* Defaults */ = {
			isa = XCSwiftPackageProductDependency;
			package = 65F1DA9B2CEDBD8700389E37 /* XCRemoteSwiftPackageReference "Defaults" */;
			productName = Defaults;
		};
		65F1DAB22CEDBED700389E37 /* SFSafeSymbols */ = {
			isa = XCSwiftPackageProductDependency;
			package = 65F1DAB12CEDBED700389E37 /* XCRemoteSwiftPackageReference "SFSafeSymbols" */;
			productName = SFSafeSymbols;
		};
/* End XCSwiftPackageProductDependency section */
	};
	rootObject = 65F1D9F92CECCEE900389E37 /* Project object */;
}
